
Microsoft Visual Studio Solution File, Format Version 12.00
# Visual Studio Version 16
Project("{2150E333-8FDC-42A3-9474-1A3956D46DE8}") = "CMakePredefinedTargets", "CMakePredefinedTargets", "{67A4D762-C5B7-3DC5-94FB-382035B09E6D}"
EndProject
Project("{2150E333-8FDC-42A3-9474-1A3956D46DE8}") = "GLFW3", "GLFW3", "{0529D8D8-4663-36AE-9FD0-5112648E2BC2}"
EndProject
Project("{8BC9CEB8-8B4A-11D0-8D11-00A0C91BC942}") = "ALL_BUILD", "ALL_BUILD.vcxproj", "{328D506A-DB78-340C-82FF-8567AB1F0B3D}"
	ProjectSection(ProjectDependencies) = postProject
		{985EC803-C58E-3EB7-AA95-3E443D76D340} = {985EC803-C58E-3EB7-AA95-3E443D76D340}
		{689EA68E-30AD-3E6C-9712-C937951107DE} = {689EA68E-30AD-3E6C-9712-C937951107DE}
		{20007D1D-A359-3457-BA9E-FC08D021D5C2} = {20007D1D-A359-3457-BA9E-FC08D021D5C2}
	EndProjectSection
EndProject
Project("{8BC9CEB8-8B4A-11D0-8D11-00A0C91BC942}") = "INSTALL", "INSTALL.vcxproj", "{B5B26B3A-E38C-38CE-8108-88AC1981F8F0}"
	ProjectSection(ProjectDependencies) = postProject
		{328D506A-DB78-340C-82FF-8567AB1F0B3D} = {328D506A-DB78-340C-82FF-8567AB1F0B3D}
		{985EC803-C58E-3EB7-AA95-3E443D76D340} = {985EC803-C58E-3EB7-AA95-3E443D76D340}
	EndProjectSection
EndProject
Project("{8BC9CEB8-8B4A-11D0-8D11-00A0C91BC942}") = "ZERO_CHECK", "..\..\..\\ZERO_CHECK.vcxproj", "{985EC803-C58E-3EB7-AA95-3E443D76D340}"
	ProjectSection(ProjectDependencies) = postProject
	EndProjectSection
EndProject
Project("{8BC9CEB8-8B4A-11D0-8D11-00A0C91BC942}") = "docs", "docs\docs.vcxproj", "{689EA68E-30AD-3E6C-9712-C937951107DE}"
	ProjectSection(ProjectDependencies) = postProject
		{985EC803-C58E-3EB7-AA95-3E443D76D340} = {985EC803-C58E-3EB7-AA95-3E443D76D340}
	EndProjectSection
EndProject
Project("{8BC9CEB8-8B4A-11D0-8D11-00A0C91BC942}") = "glfw", "src\glfw.vcxproj", "{20007D1D-A359-3457-BA9E-FC08D021D5C2}"
	ProjectSection(ProjectDependencies) = postProject
		{985EC803-C58E-3EB7-AA95-3E443D76D340} = {985EC803-C58E-3EB7-AA95-3E443D76D340}
	EndProjectSection
EndProject
Project("{8BC9CEB8-8B4A-11D0-8D11-00A0C91BC942}") = "uninstall", "uninstall.vcxproj", "{5C07A8AA-3CEB-3CA7-A842-59C28B13B175}"
	ProjectSection(ProjectDependencies) = postProject
		{985EC803-C58E-3EB7-AA95-3E443D76D340} = {985EC803-C58E-3EB7-AA95-3E443D76D340}
	EndProjectSection
EndProject
Global
	GlobalSection(SolutionConfigurationPlatforms) = preSolution
		Debug|x64 = Debug|x64
		Release|x64 = Release|x64
		MinSizeRel|x64 = MinSizeRel|x64
		RelWithDebInfo|x64 = RelWithDebInfo|x64
	EndGlobalSection
	GlobalSection(ProjectConfigurationPlatforms) = postSolution
		{328D506A-DB78-340C-82FF-8567AB1F0B3D}.Debug|x64.ActiveCfg = Debug|x64
		{328D506A-DB78-340C-82FF-8567AB1F0B3D}.Debug|x64.Build.0 = Debug|x64
		{328D506A-DB78-340C-82FF-8567AB1F0B3D}.Release|x64.ActiveCfg = Release|x64
		{328D506A-DB78-340C-82FF-8567AB1F0B3D}.Release|x64.Build.0 = Release|x64
		{328D506A-DB78-340C-82FF-8567AB1F0B3D}.MinSizeRel|x64.ActiveCfg = MinSizeRel|x64
		{328D506A-DB78-340C-82FF-8567AB1F0B3D}.MinSizeRel|x64.Build.0 = MinSizeRel|x64
		{328D506A-DB78-340C-82FF-8567AB1F0B3D}.RelWithDebInfo|x64.ActiveCfg = RelWithDebInfo|x64
		{328D506A-DB78-340C-82FF-8567AB1F0B3D}.RelWithDebInfo|x64.Build.0 = RelWithDebInfo|x64
		{B5B26B3A-E38C-38CE-8108-88AC1981F8F0}.Debug|x64.ActiveCfg = Debug|x64
		{B5B26B3A-E38C-38CE-8108-88AC1981F8F0}.Release|x64.ActiveCfg = Release|x64
		{B5B26B3A-E38C-38CE-8108-88AC1981F8F0}.MinSizeRel|x64.ActiveCfg = MinSizeRel|x64
		{B5B26B3A-E38C-38CE-8108-88AC1981F8F0}.RelWithDebInfo|x64.ActiveCfg = RelWithDebInfo|x64
		{985EC803-C58E-3EB7-AA95-3E443D76D340}.Debug|x64.ActiveCfg = Debug|x64
		{985EC803-C58E-3EB7-AA95-3E443D76D340}.Debug|x64.Build.0 = Debug|x64
		{985EC803-C58E-3EB7-AA95-3E443D76D340}.Release|x64.ActiveCfg = Release|x64
		{985EC803-C58E-3EB7-AA95-3E443D76D340}.Release|x64.Build.0 = Release|x64
		{985EC803-C58E-3EB7-AA95-3E443D76D340}.MinSizeRel|x64.ActiveCfg = MinSizeRel|x64
		{985EC803-C58E-3EB7-AA95-3E443D76D340}.MinSizeRel|x64.Build.0 = MinSizeRel|x64
		{985EC803-C58E-3EB7-AA95-3E443D76D340}.RelWithDebInfo|x64.ActiveCfg = RelWithDebInfo|x64
		{985EC803-C58E-3EB7-AA95-3E443D76D340}.RelWithDebInfo|x64.Build.0 = RelWithDebInfo|x64
		{689EA68E-30AD-3E6C-9712-C937951107DE}.Debug|x64.ActiveCfg = Debug|x64
		{689EA68E-30AD-3E6C-9712-C937951107DE}.Debug|x64.Build.0 = Debug|x64
		{689EA68E-30AD-3E6C-9712-C937951107DE}.Release|x64.ActiveCfg = Release|x64
		{689EA68E-30AD-3E6C-9712-C937951107DE}.Release|x64.Build.0 = Release|x64
		{689EA68E-30AD-3E6C-9712-C937951107DE}.MinSizeRel|x64.ActiveCfg = MinSizeRel|x64
		{689EA68E-30AD-3E6C-9712-C937951107DE}.MinSizeRel|x64.Build.0 = MinSizeRel|x64
		{689EA68E-30AD-3E6C-9712-C937951107DE}.RelWithDebInfo|x64.ActiveCfg = RelWithDebInfo|x64
		{689EA68E-30AD-3E6C-9712-C937951107DE}.RelWithDebInfo|x64.Build.0 = RelWithDebInfo|x64
		{20007D1D-A359-3457-BA9E-FC08D021D5C2}.Debug|x64.ActiveCfg = Debug|x64
		{20007D1D-A359-3457-BA9E-FC08D021D5C2}.Debug|x64.Build.0 = Debug|x64
		{20007D1D-A359-3457-BA9E-FC08D021D5C2}.Release|x64.ActiveCfg = Release|x64
		{20007D1D-A359-3457-BA9E-FC08D021D5C2}.Release|x64.Build.0 = Release|x64
		{20007D1D-A359-3457-BA9E-FC08D021D5C2}.MinSizeRel|x64.ActiveCfg = MinSizeRel|x64
		{20007D1D-A359-3457-BA9E-FC08D021D5C2}.MinSizeRel|x64.Build.0 = MinSizeRel|x64
		{20007D1D-A359-3457-BA9E-FC08D021D5C2}.RelWithDebInfo|x64.ActiveCfg = RelWithDebInfo|x64
		{20007D1D-A359-3457-BA9E-FC08D021D5C2}.RelWithDebInfo|x64.Build.0 = RelWithDebInfo|x64
		{5C07A8AA-3CEB-3CA7-A842-59C28B13B175}.Debug|x64.ActiveCfg = Debug|x64
		{5C07A8AA-3CEB-3CA7-A842-59C28B13B175}.Release|x64.ActiveCfg = Release|x64
		{5C07A8AA-3CEB-3CA7-A842-59C28B13B175}.MinSizeRel|x64.ActiveCfg = MinSizeRel|x64
		{5C07A8AA-3CEB-3CA7-A842-59C28B13B175}.RelWithDebInfo|x64.ActiveCfg = RelWithDebInfo|x64
	EndGlobalSection
	GlobalSection(NestedProjects) = preSolution
		{328D506A-DB78-340C-82FF-8567AB1F0B3D} = {67A4D762-C5B7-3DC5-94FB-382035B09E6D}
		{B5B26B3A-E38C-38CE-8108-88AC1981F8F0} = {67A4D762-C5B7-3DC5-94FB-382035B09E6D}
		{985EC803-C58E-3EB7-AA95-3E443D76D340} = {67A4D762-C5B7-3DC5-94FB-382035B09E6D}
		{20007D1D-A359-3457-BA9E-FC08D021D5C2} = {0529D8D8-4663-36AE-9FD0-5112648E2BC2}
		{5C07A8AA-3CEB-3CA7-A842-59C28B13B175} = {0529D8D8-4663-36AE-9FD0-5112648E2BC2}
	EndGlobalSection
	GlobalSection(ExtensibilityGlobals) = postSolution
		SolutionGuid = {47E039C1-39D1-3627-9BC8-B9C4BA2C1863}
	EndGlobalSection
	GlobalSection(ExtensibilityAddIns) = postSolution
	EndGlobalSection
EndGlobal
