
Microsoft Visual Studio Solution File, Format Version 12.00
# Visual Studio Version 16
VisualStudioVersion = 16.0.29613.14
MinimumVisualStudioVersion = 10.0.40219.1
Project("{8BC9CEB8-8B4A-11D0-8D11-00A0C91BC942}") = "Game", "Game.vcxproj", "{282445E9-421F-46C0-9165-6C90D7C7EFC4}"
	ProjectSection(ProjectDependencies) = postProject
		{DD0C2B00-A78A-4C42-9AB6-D54B3AC1CE10} = {DD0C2B00-A78A-4C42-9AB6-D54B3AC1CE10}
	EndProjectSection
EndProject
Project("{8BC9CEB8-8B4A-11D0-8D11-00A0C91BC942}") = "BulletCollision", "..\k2EngineLow\ExEngine\bulletPhysics\src\BulletCollision\BulletCollision.vcxproj", "{28EF574A-84DB-3CB0-9B45-DB3545B2D05C}"
EndProject
Project("{8BC9CEB8-8B4A-11D0-8D11-00A0C91BC942}") = "LinearMath", "..\k2EngineLow\ExEngine\bulletPhysics\src\LinearMath\LinearMath.vcxproj", "{4DCE52A5-106C-3D94-815D-C8EBC6133B5E}"
EndProject
Project("{8BC9CEB8-8B4A-11D0-8D11-00A0C91BC942}") = "k2EngineLow", "..\k2EngineLow\k2EngineLow.vcxproj", "{23A5590A-18F2-4B56-B270-079C4F787FE8}"
	ProjectSection(ProjectDependencies) = postProject
		{3E0E8608-CD9B-4C76-AF33-29CA38F2C9F0} = {3E0E8608-CD9B-4C76-AF33-29CA38F2C9F0}
		{28EF574A-84DB-3CB0-9B45-DB3545B2D05C} = {28EF574A-84DB-3CB0-9B45-DB3545B2D05C}
		{4DCE52A5-106C-3D94-815D-C8EBC6133B5E} = {4DCE52A5-106C-3D94-815D-C8EBC6133B5E}
		{9BF1ADF3-EB57-35E8-B156-ADE8FFC7E2F0} = {9BF1ADF3-EB57-35E8-B156-ADE8FFC7E2F0}
	EndProjectSection
EndProject
Project("{8BC9CEB8-8B4A-11D0-8D11-00A0C91BC942}") = "k2Engine", "..\k2Engine\k2Engine.vcxproj", "{DD0C2B00-A78A-4C42-9AB6-D54B3AC1CE10}"
	ProjectSection(ProjectDependencies) = postProject
		{23A5590A-18F2-4B56-B270-079C4F787FE8} = {23A5590A-18F2-4B56-B270-079C4F787FE8}
	EndProjectSection
EndProject
Project("{8BC9CEB8-8B4A-11D0-8D11-00A0C91BC942}") = "BulletDynamics", "..\k2EngineLow\ExEngine\bulletPhysics\src\BulletDynamics\BulletDynamics.vcxproj", "{9BF1ADF3-EB57-35E8-B156-ADE8FFC7E2F0}"
EndProject
Project("{8BC9CEB8-8B4A-11D0-8D11-00A0C91BC942}") = "DirectXTK12", "..\k2EngineLow\ExEngine\DirectXTK\DirectXTK_Desktop_2019_Win10.vcxproj", "{3E0E8608-CD9B-4C76-AF33-29CA38F2C9F0}"
EndProject
Project("{2150E333-8FDC-42A3-9474-1A3956D46DE8}") = "ExEngine", "ExEngine", "{39F110FE-715C-4903-B346-0AB13535AA2F}"
EndProject
Global
	GlobalSection(SolutionConfigurationPlatforms) = preSolution
		Debug|x64 = Debug|x64
		Debug|x86 = Debug|x86
		Preview|x64 = Preview|x64
		Preview|x86 = Preview|x86
		Release|x64 = Release|x64
		Release|x86 = Release|x86
	EndGlobalSection
	GlobalSection(ProjectConfigurationPlatforms) = postSolution
		{282445E9-421F-46C0-9165-6C90D7C7EFC4}.Debug|x64.ActiveCfg = Debug|x64
		{282445E9-421F-46C0-9165-6C90D7C7EFC4}.Debug|x64.Build.0 = Debug|x64
		{282445E9-421F-46C0-9165-6C90D7C7EFC4}.Debug|x86.ActiveCfg = Debug|Win32
		{282445E9-421F-46C0-9165-6C90D7C7EFC4}.Debug|x86.Build.0 = Debug|Win32
		{282445E9-421F-46C0-9165-6C90D7C7EFC4}.Preview|x64.ActiveCfg = Preview|x64
		{282445E9-421F-46C0-9165-6C90D7C7EFC4}.Preview|x64.Build.0 = Preview|x64
		{282445E9-421F-46C0-9165-6C90D7C7EFC4}.Preview|x86.ActiveCfg = Preview|Win32
		{282445E9-421F-46C0-9165-6C90D7C7EFC4}.Preview|x86.Build.0 = Preview|Win32
		{282445E9-421F-46C0-9165-6C90D7C7EFC4}.Release|x64.ActiveCfg = Release|x64
		{282445E9-421F-46C0-9165-6C90D7C7EFC4}.Release|x64.Build.0 = Release|x64
		{282445E9-421F-46C0-9165-6C90D7C7EFC4}.Release|x86.ActiveCfg = Release|Win32
		{282445E9-421F-46C0-9165-6C90D7C7EFC4}.Release|x86.Build.0 = Release|Win32
		{28EF574A-84DB-3CB0-9B45-DB3545B2D05C}.Debug|x64.ActiveCfg = Debug|x64
		{28EF574A-84DB-3CB0-9B45-DB3545B2D05C}.Debug|x64.Build.0 = Debug|x64
		{28EF574A-84DB-3CB0-9B45-DB3545B2D05C}.Debug|x86.ActiveCfg = Debug|Win32
		{28EF574A-84DB-3CB0-9B45-DB3545B2D05C}.Debug|x86.Build.0 = Debug|Win32
		{28EF574A-84DB-3CB0-9B45-DB3545B2D05C}.Preview|x64.ActiveCfg = Preview|x64
		{28EF574A-84DB-3CB0-9B45-DB3545B2D05C}.Preview|x64.Build.0 = Preview|x64
		{28EF574A-84DB-3CB0-9B45-DB3545B2D05C}.Preview|x86.ActiveCfg = Preview|Win32
		{28EF574A-84DB-3CB0-9B45-DB3545B2D05C}.Preview|x86.Build.0 = Preview|Win32
		{28EF574A-84DB-3CB0-9B45-DB3545B2D05C}.Release|x64.ActiveCfg = Release|x64
		{28EF574A-84DB-3CB0-9B45-DB3545B2D05C}.Release|x64.Build.0 = Release|x64
		{28EF574A-84DB-3CB0-9B45-DB3545B2D05C}.Release|x86.ActiveCfg = Release|Win32
		{28EF574A-84DB-3CB0-9B45-DB3545B2D05C}.Release|x86.Build.0 = Release|Win32
		{4DCE52A5-106C-3D94-815D-C8EBC6133B5E}.Debug|x64.ActiveCfg = Debug|x64
		{4DCE52A5-106C-3D94-815D-C8EBC6133B5E}.Debug|x64.Build.0 = Debug|x64
		{4DCE52A5-106C-3D94-815D-C8EBC6133B5E}.Debug|x86.ActiveCfg = Debug|Win32
		{4DCE52A5-106C-3D94-815D-C8EBC6133B5E}.Debug|x86.Build.0 = Debug|Win32
		{4DCE52A5-106C-3D94-815D-C8EBC6133B5E}.Preview|x64.ActiveCfg = Preview|x64
		{4DCE52A5-106C-3D94-815D-C8EBC6133B5E}.Preview|x64.Build.0 = Preview|x64
		{4DCE52A5-106C-3D94-815D-C8EBC6133B5E}.Preview|x86.ActiveCfg = Preview|Win32
		{4DCE52A5-106C-3D94-815D-C8EBC6133B5E}.Preview|x86.Build.0 = Preview|Win32
		{4DCE52A5-106C-3D94-815D-C8EBC6133B5E}.Release|x64.ActiveCfg = Release|x64
		{4DCE52A5-106C-3D94-815D-C8EBC6133B5E}.Release|x64.Build.0 = Release|x64
		{4DCE52A5-106C-3D94-815D-C8EBC6133B5E}.Release|x86.ActiveCfg = Release|Win32
		{4DCE52A5-106C-3D94-815D-C8EBC6133B5E}.Release|x86.Build.0 = Release|Win32
		{23A5590A-18F2-4B56-B270-079C4F787FE8}.Debug|x64.ActiveCfg = Debug|x64
		{23A5590A-18F2-4B56-B270-079C4F787FE8}.Debug|x64.Build.0 = Debug|x64
		{23A5590A-18F2-4B56-B270-079C4F787FE8}.Debug|x86.ActiveCfg = Debug|Win32
		{23A5590A-18F2-4B56-B270-079C4F787FE8}.Debug|x86.Build.0 = Debug|Win32
		{23A5590A-18F2-4B56-B270-079C4F787FE8}.Preview|x64.ActiveCfg = Preview|x64
		{23A5590A-18F2-4B56-B270-079C4F787FE8}.Preview|x64.Build.0 = Preview|x64
		{23A5590A-18F2-4B56-B270-079C4F787FE8}.Preview|x86.ActiveCfg = Preview|Win32
		{23A5590A-18F2-4B56-B270-079C4F787FE8}.Preview|x86.Build.0 = Preview|Win32
		{23A5590A-18F2-4B56-B270-079C4F787FE8}.Release|x64.ActiveCfg = Release|x64
		{23A5590A-18F2-4B56-B270-079C4F787FE8}.Release|x64.Build.0 = Release|x64
		{23A5590A-18F2-4B56-B270-079C4F787FE8}.Release|x86.ActiveCfg = Release|Win32
		{23A5590A-18F2-4B56-B270-079C4F787FE8}.Release|x86.Build.0 = Release|Win32
		{DD0C2B00-A78A-4C42-9AB6-D54B3AC1CE10}.Debug|x64.ActiveCfg = Debug|x64
		{DD0C2B00-A78A-4C42-9AB6-D54B3AC1CE10}.Debug|x64.Build.0 = Debug|x64
		{DD0C2B00-A78A-4C42-9AB6-D54B3AC1CE10}.Debug|x86.ActiveCfg = Debug|Win32
		{DD0C2B00-A78A-4C42-9AB6-D54B3AC1CE10}.Debug|x86.Build.0 = Debug|Win32
		{DD0C2B00-A78A-4C42-9AB6-D54B3AC1CE10}.Preview|x64.ActiveCfg = Preview|x64
		{DD0C2B00-A78A-4C42-9AB6-D54B3AC1CE10}.Preview|x64.Build.0 = Preview|x64
		{DD0C2B00-A78A-4C42-9AB6-D54B3AC1CE10}.Preview|x86.ActiveCfg = Preview|Win32
		{DD0C2B00-A78A-4C42-9AB6-D54B3AC1CE10}.Preview|x86.Build.0 = Preview|Win32
		{DD0C2B00-A78A-4C42-9AB6-D54B3AC1CE10}.Release|x64.ActiveCfg = Release|x64
		{DD0C2B00-A78A-4C42-9AB6-D54B3AC1CE10}.Release|x64.Build.0 = Release|x64
		{DD0C2B00-A78A-4C42-9AB6-D54B3AC1CE10}.Release|x86.ActiveCfg = Release|Win32
		{DD0C2B00-A78A-4C42-9AB6-D54B3AC1CE10}.Release|x86.Build.0 = Release|Win32
		{9BF1ADF3-EB57-35E8-B156-ADE8FFC7E2F0}.Debug|x64.ActiveCfg = Debug|x64
		{9BF1ADF3-EB57-35E8-B156-ADE8FFC7E2F0}.Debug|x64.Build.0 = Debug|x64
		{9BF1ADF3-EB57-35E8-B156-ADE8FFC7E2F0}.Debug|x86.ActiveCfg = Debug|Win32
		{9BF1ADF3-EB57-35E8-B156-ADE8FFC7E2F0}.Debug|x86.Build.0 = Debug|Win32
		{9BF1ADF3-EB57-35E8-B156-ADE8FFC7E2F0}.Preview|x64.ActiveCfg = Preview|x64
		{9BF1ADF3-EB57-35E8-B156-ADE8FFC7E2F0}.Preview|x64.Build.0 = Preview|x64
		{9BF1ADF3-EB57-35E8-B156-ADE8FFC7E2F0}.Preview|x86.ActiveCfg = Preview|Win32
		{9BF1ADF3-EB57-35E8-B156-ADE8FFC7E2F0}.Preview|x86.Build.0 = Preview|Win32
		{9BF1ADF3-EB57-35E8-B156-ADE8FFC7E2F0}.Release|x64.ActiveCfg = Release|x64
		{9BF1ADF3-EB57-35E8-B156-ADE8FFC7E2F0}.Release|x64.Build.0 = Release|x64
		{9BF1ADF3-EB57-35E8-B156-ADE8FFC7E2F0}.Release|x86.ActiveCfg = Release|Win32
		{9BF1ADF3-EB57-35E8-B156-ADE8FFC7E2F0}.Release|x86.Build.0 = Release|Win32
		{3E0E8608-CD9B-4C76-AF33-29CA38F2C9F0}.Debug|x64.ActiveCfg = Debug|x64
		{3E0E8608-CD9B-4C76-AF33-29CA38F2C9F0}.Debug|x64.Build.0 = Debug|x64
		{3E0E8608-CD9B-4C76-AF33-29CA38F2C9F0}.Debug|x86.ActiveCfg = Debug|Win32
		{3E0E8608-CD9B-4C76-AF33-29CA38F2C9F0}.Debug|x86.Build.0 = Debug|Win32
		{3E0E8608-CD9B-4C76-AF33-29CA38F2C9F0}.Preview|x64.ActiveCfg = Preview|x64
		{3E0E8608-CD9B-4C76-AF33-29CA38F2C9F0}.Preview|x64.Build.0 = Preview|x64
		{3E0E8608-CD9B-4C76-AF33-29CA38F2C9F0}.Preview|x86.ActiveCfg = Preview|Win32
		{3E0E8608-CD9B-4C76-AF33-29CA38F2C9F0}.Preview|x86.Build.0 = Preview|Win32
		{3E0E8608-CD9B-4C76-AF33-29CA38F2C9F0}.Release|x64.ActiveCfg = Release|x64
		{3E0E8608-CD9B-4C76-AF33-29CA38F2C9F0}.Release|x64.Build.0 = Release|x64
		{3E0E8608-CD9B-4C76-AF33-29CA38F2C9F0}.Release|x86.ActiveCfg = Release|Win32
		{3E0E8608-CD9B-4C76-AF33-29CA38F2C9F0}.Release|x86.Build.0 = Release|Win32
	EndGlobalSection
	GlobalSection(SolutionProperties) = preSolution
		HideSolutionNode = FALSE
	EndGlobalSection
	GlobalSection(NestedProjects) = preSolution
		{28EF574A-84DB-3CB0-9B45-DB3545B2D05C} = {39F110FE-715C-4903-B346-0AB13535AA2F}
		{4DCE52A5-106C-3D94-815D-C8EBC6133B5E} = {39F110FE-715C-4903-B346-0AB13535AA2F}
		{9BF1ADF3-EB57-35E8-B156-ADE8FFC7E2F0} = {39F110FE-715C-4903-B346-0AB13535AA2F}
		{3E0E8608-CD9B-4C76-AF33-29CA38F2C9F0} = {39F110FE-715C-4903-B346-0AB13535AA2F}
	EndGlobalSection
	GlobalSection(ExtensibilityGlobals) = postSolution
		SolutionGuid = {CA9F8F20-B849-487D-8319-BD3C7A7CF615}
	EndGlobalSection
EndGlobal
