Microsoft Visual Studio Solution File, Format Version 12.00
# Visual Studio 14
Project("{8BC9CEB8-8B4A-11D0-8D11-00A0C91BC942}") = "ALL_BUILD", "ALL_BUILD.vcxproj", "{1C1226B6-2F12-3BF7-9FE5-59675E9E4D9B}"
	ProjectSection(ProjectDependencies) = postProject
		{EE2709BF-7F2E-3E99-AB97-4BAF8889A75D} = {EE2709BF-7F2E-3E99-AB97-4BAF8889A75D}
		{EE8DD4C6-3A41-3057-B84C-B26BA58D7547} = {EE8DD4C6-3A41-3057-B84C-B26BA58D7547}
		{ED8271DE-792E-37B0-B544-913A43C4F2CC} = {ED8271DE-792E-37B0-B544-913A43C4F2CC}
		{B99BAAA2-FE60-36CA-A350-0B4FC2862DB9} = {B99BAAA2-FE60-36CA-A350-0B4FC2862DB9}
		{017B62B5-7E6D-3F22-8CA4-0519C755D727} = {017B62B5-7E6D-3F22-8CA4-0519C755D727}
		{AEA40ACE-E833-31B1-82FD-99ECA8266526} = {AEA40ACE-E833-31B1-82FD-99ECA8266526}
		{404C4739-30FD-36E4-9731-341D9FFD305D} = {404C4739-30FD-36E4-9731-341D9FFD305D}
		{A2BFEB9A-6329-35C8-8138-70FA02E66D3D} = {A2BFEB9A-6329-35C8-8138-70FA02E66D3D}
		{8D7C6D19-7A40-3065-8EC8-C0E334DD5F33} = {8D7C6D19-7A40-3065-8EC8-C0E334DD5F33}
		{28EF574A-84DB-3CB0-9B45-DB3545B2D05C} = {28EF574A-84DB-3CB0-9B45-DB3545B2D05C}
		{9BF1ADF3-EB57-35E8-B156-ADE8FFC7E2F0} = {9BF1ADF3-EB57-35E8-B156-ADE8FFC7E2F0}
		{79ED946A-3737-3875-BF5D-2624A332F0F8} = {79ED946A-3737-3875-BF5D-2624A332F0F8}
		{7D994280-BD71-346E-A12C-533371B0CEB8} = {7D994280-BD71-346E-A12C-533371B0CEB8}
		{C26281D6-E2AD-3E11-AB6D-13AABDCDBB3D} = {C26281D6-E2AD-3E11-AB6D-13AABDCDBB3D}
		{8ECBBDCD-865E-345B-9496-62B82F2FFEC5} = {8ECBBDCD-865E-345B-9496-62B82F2FFEC5}
		{E75F002D-92B3-34E8-81E9-A70E179607D9} = {E75F002D-92B3-34E8-81E9-A70E179607D9}
		{9B7824FE-A633-3BC4-8A09-208C711B879E} = {9B7824FE-A633-3BC4-8A09-208C711B879E}
		{8B5BC7CC-B8F7-3587-B41D-530ACB6FF142} = {8B5BC7CC-B8F7-3587-B41D-530ACB6FF142}
		{A08ABB41-E444-33BE-BCBC-41E437FEC988} = {A08ABB41-E444-33BE-BCBC-41E437FEC988}
		{096ECE45-8AFA-36FC-B91C-ECFE36F88EB4} = {096ECE45-8AFA-36FC-B91C-ECFE36F88EB4}
		{4DCE52A5-106C-3D94-815D-C8EBC6133B5E} = {4DCE52A5-106C-3D94-815D-C8EBC6133B5E}
		{6F728741-E98F-3AA2-9C56-425B4E3F547E} = {6F728741-E98F-3AA2-9C56-425B4E3F547E}
		{1E169C59-D50A-3D1B-8B4F-F6A151475486} = {1E169C59-D50A-3D1B-8B4F-F6A151475486}
		{2C535A9D-4F17-39D3-AD1A-7554B5E60C4C} = {2C535A9D-4F17-39D3-AD1A-7554B5E60C4C}
		{9647CEDB-8737-3400-A067-5C6699D6C1EA} = {9647CEDB-8737-3400-A067-5C6699D6C1EA}
		{5E9AA8B2-7BCB-3718-BCC1-1C78A752835B} = {5E9AA8B2-7BCB-3718-BCC1-1C78A752835B}
		{94463C1C-FA27-3124-8518-A59A427A265E} = {94463C1C-FA27-3124-8518-A59A427A265E}
		{6ED4683B-7647-31D7-8AF2-C9D5BE7A6015} = {6ED4683B-7647-31D7-8AF2-C9D5BE7A6015}
	EndProjectSection
EndProject
Project("{8BC9CEB8-8B4A-11D0-8D11-00A0C91BC942}") = "App_BasicExample", "examples\BasicDemo\App_BasicExample.vcxproj", "{EE2709BF-7F2E-3E99-AB97-4BAF8889A75D}"
	ProjectSection(ProjectDependencies) = postProject
		{28EF574A-84DB-3CB0-9B45-DB3545B2D05C} = {28EF574A-84DB-3CB0-9B45-DB3545B2D05C}
		{9BF1ADF3-EB57-35E8-B156-ADE8FFC7E2F0} = {9BF1ADF3-EB57-35E8-B156-ADE8FFC7E2F0}
		{4DCE52A5-106C-3D94-815D-C8EBC6133B5E} = {4DCE52A5-106C-3D94-815D-C8EBC6133B5E}
		{5E9AA8B2-7BCB-3718-BCC1-1C78A752835B} = {5E9AA8B2-7BCB-3718-BCC1-1C78A752835B}
	EndProjectSection
EndProject
Project("{8BC9CEB8-8B4A-11D0-8D11-00A0C91BC942}") = "App_ExampleBrowser", "examples\ExampleBrowser\App_ExampleBrowser.vcxproj", "{EE8DD4C6-3A41-3057-B84C-B26BA58D7547}"
	ProjectSection(ProjectDependencies) = postProject
		{AEA40ACE-E833-31B1-82FD-99ECA8266526} = {AEA40ACE-E833-31B1-82FD-99ECA8266526}
		{28EF574A-84DB-3CB0-9B45-DB3545B2D05C} = {28EF574A-84DB-3CB0-9B45-DB3545B2D05C}
		{9BF1ADF3-EB57-35E8-B156-ADE8FFC7E2F0} = {9BF1ADF3-EB57-35E8-B156-ADE8FFC7E2F0}
		{7D994280-BD71-346E-A12C-533371B0CEB8} = {7D994280-BD71-346E-A12C-533371B0CEB8}
		{C26281D6-E2AD-3E11-AB6D-13AABDCDBB3D} = {C26281D6-E2AD-3E11-AB6D-13AABDCDBB3D}
		{8ECBBDCD-865E-345B-9496-62B82F2FFEC5} = {8ECBBDCD-865E-345B-9496-62B82F2FFEC5}
		{4DCE52A5-106C-3D94-815D-C8EBC6133B5E} = {4DCE52A5-106C-3D94-815D-C8EBC6133B5E}
		{6F728741-E98F-3AA2-9C56-425B4E3F547E} = {6F728741-E98F-3AA2-9C56-425B4E3F547E}
		{5E9AA8B2-7BCB-3718-BCC1-1C78A752835B} = {5E9AA8B2-7BCB-3718-BCC1-1C78A752835B}
		{6ED4683B-7647-31D7-8AF2-C9D5BE7A6015} = {6ED4683B-7647-31D7-8AF2-C9D5BE7A6015}
	EndProjectSection
EndProject
Project("{8BC9CEB8-8B4A-11D0-8D11-00A0C91BC942}") = "App_HelloWorld", "examples\HelloWorld\App_HelloWorld.vcxproj", "{ED8271DE-792E-37B0-B544-913A43C4F2CC}"
	ProjectSection(ProjectDependencies) = postProject
		{28EF574A-84DB-3CB0-9B45-DB3545B2D05C} = {28EF574A-84DB-3CB0-9B45-DB3545B2D05C}
		{9BF1ADF3-EB57-35E8-B156-ADE8FFC7E2F0} = {9BF1ADF3-EB57-35E8-B156-ADE8FFC7E2F0}
		{4DCE52A5-106C-3D94-815D-C8EBC6133B5E} = {4DCE52A5-106C-3D94-815D-C8EBC6133B5E}
		{5E9AA8B2-7BCB-3718-BCC1-1C78A752835B} = {5E9AA8B2-7BCB-3718-BCC1-1C78A752835B}
	EndProjectSection
EndProject
Project("{8BC9CEB8-8B4A-11D0-8D11-00A0C91BC942}") = "Bullet2FileLoader", "src\Bullet3Serialize\Bullet2FileLoader\Bullet2FileLoader.vcxproj", "{B99BAAA2-FE60-36CA-A350-0B4FC2862DB9}"
	ProjectSection(ProjectDependencies) = postProject
		{5E9AA8B2-7BCB-3718-BCC1-1C78A752835B} = {5E9AA8B2-7BCB-3718-BCC1-1C78A752835B}
	EndProjectSection
EndProject
Project("{8BC9CEB8-8B4A-11D0-8D11-00A0C91BC942}") = "Bullet3Collision", "src\Bullet3Collision\Bullet3Collision.vcxproj", "{017B62B5-7E6D-3F22-8CA4-0519C755D727}"
	ProjectSection(ProjectDependencies) = postProject
		{5E9AA8B2-7BCB-3718-BCC1-1C78A752835B} = {5E9AA8B2-7BCB-3718-BCC1-1C78A752835B}
	EndProjectSection
EndProject
Project("{8BC9CEB8-8B4A-11D0-8D11-00A0C91BC942}") = "Bullet3Common", "src\Bullet3Common\Bullet3Common.vcxproj", "{AEA40ACE-E833-31B1-82FD-99ECA8266526}"
	ProjectSection(ProjectDependencies) = postProject
		{5E9AA8B2-7BCB-3718-BCC1-1C78A752835B} = {5E9AA8B2-7BCB-3718-BCC1-1C78A752835B}
	EndProjectSection
EndProject
Project("{8BC9CEB8-8B4A-11D0-8D11-00A0C91BC942}") = "Bullet3Dynamics", "src\Bullet3Dynamics\Bullet3Dynamics.vcxproj", "{404C4739-30FD-36E4-9731-341D9FFD305D}"
	ProjectSection(ProjectDependencies) = postProject
		{5E9AA8B2-7BCB-3718-BCC1-1C78A752835B} = {5E9AA8B2-7BCB-3718-BCC1-1C78A752835B}
	EndProjectSection
EndProject
Project("{8BC9CEB8-8B4A-11D0-8D11-00A0C91BC942}") = "Bullet3Geometry", "src\Bullet3Geometry\Bullet3Geometry.vcxproj", "{A2BFEB9A-6329-35C8-8138-70FA02E66D3D}"
	ProjectSection(ProjectDependencies) = postProject
		{5E9AA8B2-7BCB-3718-BCC1-1C78A752835B} = {5E9AA8B2-7BCB-3718-BCC1-1C78A752835B}
	EndProjectSection
EndProject
Project("{8BC9CEB8-8B4A-11D0-8D11-00A0C91BC942}") = "Bullet3OpenCL_clew", "src\Bullet3OpenCL\Bullet3OpenCL_clew.vcxproj", "{8D7C6D19-7A40-3065-8EC8-C0E334DD5F33}"
	ProjectSection(ProjectDependencies) = postProject
		{5E9AA8B2-7BCB-3718-BCC1-1C78A752835B} = {5E9AA8B2-7BCB-3718-BCC1-1C78A752835B}
	EndProjectSection
EndProject
Project("{8BC9CEB8-8B4A-11D0-8D11-00A0C91BC942}") = "BulletCollision", "src\BulletCollision\BulletCollision.vcxproj", "{28EF574A-84DB-3CB0-9B45-DB3545B2D05C}"
	ProjectSection(ProjectDependencies) = postProject
		{5E9AA8B2-7BCB-3718-BCC1-1C78A752835B} = {5E9AA8B2-7BCB-3718-BCC1-1C78A752835B}
	EndProjectSection
EndProject
Project("{8BC9CEB8-8B4A-11D0-8D11-00A0C91BC942}") = "BulletDynamics", "src\BulletDynamics\BulletDynamics.vcxproj", "{9BF1ADF3-EB57-35E8-B156-ADE8FFC7E2F0}"
	ProjectSection(ProjectDependencies) = postProject
		{5E9AA8B2-7BCB-3718-BCC1-1C78A752835B} = {5E9AA8B2-7BCB-3718-BCC1-1C78A752835B}
	EndProjectSection
EndProject
Project("{8BC9CEB8-8B4A-11D0-8D11-00A0C91BC942}") = "BulletFileLoader", "Extras\Serialize\BulletFileLoader\BulletFileLoader.vcxproj", "{79ED946A-3737-3875-BF5D-2624A332F0F8}"
	ProjectSection(ProjectDependencies) = postProject
		{5E9AA8B2-7BCB-3718-BCC1-1C78A752835B} = {5E9AA8B2-7BCB-3718-BCC1-1C78A752835B}
	EndProjectSection
EndProject
Project("{8BC9CEB8-8B4A-11D0-8D11-00A0C91BC942}") = "BulletInverseDynamics", "src\BulletInverseDynamics\BulletInverseDynamics.vcxproj", "{7D994280-BD71-346E-A12C-533371B0CEB8}"
	ProjectSection(ProjectDependencies) = postProject
		{5E9AA8B2-7BCB-3718-BCC1-1C78A752835B} = {5E9AA8B2-7BCB-3718-BCC1-1C78A752835B}
	EndProjectSection
EndProject
Project("{8BC9CEB8-8B4A-11D0-8D11-00A0C91BC942}") = "BulletInverseDynamicsUtils", "Extras\InverseDynamics\BulletInverseDynamicsUtils.vcxproj", "{C26281D6-E2AD-3E11-AB6D-13AABDCDBB3D}"
	ProjectSection(ProjectDependencies) = postProject
		{5E9AA8B2-7BCB-3718-BCC1-1C78A752835B} = {5E9AA8B2-7BCB-3718-BCC1-1C78A752835B}
	EndProjectSection
EndProject
Project("{8BC9CEB8-8B4A-11D0-8D11-00A0C91BC942}") = "BulletSoftBody", "src\BulletSoftBody\BulletSoftBody.vcxproj", "{8ECBBDCD-865E-345B-9496-62B82F2FFEC5}"
	ProjectSection(ProjectDependencies) = postProject
		{5E9AA8B2-7BCB-3718-BCC1-1C78A752835B} = {5E9AA8B2-7BCB-3718-BCC1-1C78A752835B}
	EndProjectSection
EndProject
Project("{8BC9CEB8-8B4A-11D0-8D11-00A0C91BC942}") = "BulletWorldImporter", "Extras\Serialize\BulletWorldImporter\BulletWorldImporter.vcxproj", "{E75F002D-92B3-34E8-81E9-A70E179607D9}"
	ProjectSection(ProjectDependencies) = postProject
		{5E9AA8B2-7BCB-3718-BCC1-1C78A752835B} = {5E9AA8B2-7BCB-3718-BCC1-1C78A752835B}
	EndProjectSection
EndProject
Project("{8BC9CEB8-8B4A-11D0-8D11-00A0C91BC942}") = "BulletXmlWorldImporter", "Extras\Serialize\BulletXmlWorldImporter\BulletXmlWorldImporter.vcxproj", "{9B7824FE-A633-3BC4-8A09-208C711B879E}"
	ProjectSection(ProjectDependencies) = postProject
		{5E9AA8B2-7BCB-3718-BCC1-1C78A752835B} = {5E9AA8B2-7BCB-3718-BCC1-1C78A752835B}
	EndProjectSection
EndProject
Project("{8BC9CEB8-8B4A-11D0-8D11-00A0C91BC942}") = "ConvexDecomposition", "Extras\ConvexDecomposition\ConvexDecomposition.vcxproj", "{8B5BC7CC-B8F7-3587-B41D-530ACB6FF142}"
	ProjectSection(ProjectDependencies) = postProject
		{5E9AA8B2-7BCB-3718-BCC1-1C78A752835B} = {5E9AA8B2-7BCB-3718-BCC1-1C78A752835B}
	EndProjectSection
EndProject
Project("{8BC9CEB8-8B4A-11D0-8D11-00A0C91BC942}") = "GIMPACTUtils", "Extras\GIMPACTUtils\GIMPACTUtils.vcxproj", "{A08ABB41-E444-33BE-BCBC-41E437FEC988}"
	ProjectSection(ProjectDependencies) = postProject
		{5E9AA8B2-7BCB-3718-BCC1-1C78A752835B} = {5E9AA8B2-7BCB-3718-BCC1-1C78A752835B}
	EndProjectSection
EndProject
Project("{8BC9CEB8-8B4A-11D0-8D11-00A0C91BC942}") = "HACD", "Extras\HACD\HACD.vcxproj", "{096ECE45-8AFA-36FC-B91C-ECFE36F88EB4}"
	ProjectSection(ProjectDependencies) = postProject
		{5E9AA8B2-7BCB-3718-BCC1-1C78A752835B} = {5E9AA8B2-7BCB-3718-BCC1-1C78A752835B}
	EndProjectSection
EndProject
Project("{8BC9CEB8-8B4A-11D0-8D11-00A0C91BC942}") = "INSTALL", "INSTALL.vcxproj", "{BC0F314D-8437-3FED-8C5A-AB57DC33C6E4}"
	ProjectSection(ProjectDependencies) = postProject
		{1C1226B6-2F12-3BF7-9FE5-59675E9E4D9B} = {1C1226B6-2F12-3BF7-9FE5-59675E9E4D9B}
		{5E9AA8B2-7BCB-3718-BCC1-1C78A752835B} = {5E9AA8B2-7BCB-3718-BCC1-1C78A752835B}
	EndProjectSection
EndProject
Project("{8BC9CEB8-8B4A-11D0-8D11-00A0C91BC942}") = "LinearMath", "src\LinearMath\LinearMath.vcxproj", "{4DCE52A5-106C-3D94-815D-C8EBC6133B5E}"
	ProjectSection(ProjectDependencies) = postProject
		{5E9AA8B2-7BCB-3718-BCC1-1C78A752835B} = {5E9AA8B2-7BCB-3718-BCC1-1C78A752835B}
	EndProjectSection
EndProject
Project("{8BC9CEB8-8B4A-11D0-8D11-00A0C91BC942}") = "OpenGLWindow", "examples\OpenGLWindow\OpenGLWindow.vcxproj", "{6F728741-E98F-3AA2-9C56-425B4E3F547E}"
	ProjectSection(ProjectDependencies) = postProject
		{5E9AA8B2-7BCB-3718-BCC1-1C78A752835B} = {5E9AA8B2-7BCB-3718-BCC1-1C78A752835B}
	EndProjectSection
EndProject
Project("{8BC9CEB8-8B4A-11D0-8D11-00A0C91BC942}") = "RUN_TESTS", "RUN_TESTS.vcxproj", "{7776B3AB-B41F-3B26-903F-0880171B8D8F}"
	ProjectSection(ProjectDependencies) = postProject
		{5E9AA8B2-7BCB-3718-BCC1-1C78A752835B} = {5E9AA8B2-7BCB-3718-BCC1-1C78A752835B}
	EndProjectSection
EndProject
Project("{8BC9CEB8-8B4A-11D0-8D11-00A0C91BC942}") = "Test_BulletDynamics", "test\BulletDynamics\pendulum\Test_BulletDynamics.vcxproj", "{1E169C59-D50A-3D1B-8B4F-F6A151475486}"
	ProjectSection(ProjectDependencies) = postProject
		{28EF574A-84DB-3CB0-9B45-DB3545B2D05C} = {28EF574A-84DB-3CB0-9B45-DB3545B2D05C}
		{9BF1ADF3-EB57-35E8-B156-ADE8FFC7E2F0} = {9BF1ADF3-EB57-35E8-B156-ADE8FFC7E2F0}
		{4DCE52A5-106C-3D94-815D-C8EBC6133B5E} = {4DCE52A5-106C-3D94-815D-C8EBC6133B5E}
		{5E9AA8B2-7BCB-3718-BCC1-1C78A752835B} = {5E9AA8B2-7BCB-3718-BCC1-1C78A752835B}
		{94463C1C-FA27-3124-8518-A59A427A265E} = {94463C1C-FA27-3124-8518-A59A427A265E}
	EndProjectSection
EndProject
Project("{8BC9CEB8-8B4A-11D0-8D11-00A0C91BC942}") = "Test_BulletInverseDynamics", "test\InverseDynamics\Test_BulletInverseDynamics.vcxproj", "{2C535A9D-4F17-39D3-AD1A-7554B5E60C4C}"
	ProjectSection(ProjectDependencies) = postProject
		{AEA40ACE-E833-31B1-82FD-99ECA8266526} = {AEA40ACE-E833-31B1-82FD-99ECA8266526}
		{7D994280-BD71-346E-A12C-533371B0CEB8} = {7D994280-BD71-346E-A12C-533371B0CEB8}
		{C26281D6-E2AD-3E11-AB6D-13AABDCDBB3D} = {C26281D6-E2AD-3E11-AB6D-13AABDCDBB3D}
		{4DCE52A5-106C-3D94-815D-C8EBC6133B5E} = {4DCE52A5-106C-3D94-815D-C8EBC6133B5E}
		{5E9AA8B2-7BCB-3718-BCC1-1C78A752835B} = {5E9AA8B2-7BCB-3718-BCC1-1C78A752835B}
		{94463C1C-FA27-3124-8518-A59A427A265E} = {94463C1C-FA27-3124-8518-A59A427A265E}
	EndProjectSection
EndProject
Project("{8BC9CEB8-8B4A-11D0-8D11-00A0C91BC942}") = "Test_Collision", "test\collision\Test_Collision.vcxproj", "{9647CEDB-8737-3400-A067-5C6699D6C1EA}"
	ProjectSection(ProjectDependencies) = postProject
		{4DCE52A5-106C-3D94-815D-C8EBC6133B5E} = {4DCE52A5-106C-3D94-815D-C8EBC6133B5E}
		{5E9AA8B2-7BCB-3718-BCC1-1C78A752835B} = {5E9AA8B2-7BCB-3718-BCC1-1C78A752835B}
		{94463C1C-FA27-3124-8518-A59A427A265E} = {94463C1C-FA27-3124-8518-A59A427A265E}
	EndProjectSection
EndProject
Project("{8BC9CEB8-8B4A-11D0-8D11-00A0C91BC942}") = "ZERO_CHECK", "ZERO_CHECK.vcxproj", "{5E9AA8B2-7BCB-3718-BCC1-1C78A752835B}"
	ProjectSection(ProjectDependencies) = postProject
	EndProjectSection
EndProject
Project("{8BC9CEB8-8B4A-11D0-8D11-00A0C91BC942}") = "gtest", "test\gtest-1.7.0\gtest.vcxproj", "{94463C1C-FA27-3124-8518-A59A427A265E}"
	ProjectSection(ProjectDependencies) = postProject
		{5E9AA8B2-7BCB-3718-BCC1-1C78A752835B} = {5E9AA8B2-7BCB-3718-BCC1-1C78A752835B}
	EndProjectSection
EndProject
Project("{8BC9CEB8-8B4A-11D0-8D11-00A0C91BC942}") = "gwen", "examples\ThirdPartyLibs\Gwen\gwen.vcxproj", "{6ED4683B-7647-31D7-8AF2-C9D5BE7A6015}"
	ProjectSection(ProjectDependencies) = postProject
		{5E9AA8B2-7BCB-3718-BCC1-1C78A752835B} = {5E9AA8B2-7BCB-3718-BCC1-1C78A752835B}
	EndProjectSection
EndProject
Global
	GlobalSection(SolutionConfigurationPlatforms) = preSolution
		Debug|Win32 = Debug|Win32
		Release|Win32 = Release|Win32
		MinSizeRel|Win32 = MinSizeRel|Win32
		RelWithDebInfo|Win32 = RelWithDebInfo|Win32
	EndGlobalSection
	GlobalSection(ProjectConfigurationPlatforms) = postSolution
		{1C1226B6-2F12-3BF7-9FE5-59675E9E4D9B}.Debug|Win32.ActiveCfg = Debug|Win32
		{1C1226B6-2F12-3BF7-9FE5-59675E9E4D9B}.Debug|Win32.Build.0 = Debug|Win32
		{1C1226B6-2F12-3BF7-9FE5-59675E9E4D9B}.Release|Win32.ActiveCfg = Release|Win32
		{1C1226B6-2F12-3BF7-9FE5-59675E9E4D9B}.Release|Win32.Build.0 = Release|Win32
		{1C1226B6-2F12-3BF7-9FE5-59675E9E4D9B}.MinSizeRel|Win32.ActiveCfg = MinSizeRel|Win32
		{1C1226B6-2F12-3BF7-9FE5-59675E9E4D9B}.MinSizeRel|Win32.Build.0 = MinSizeRel|Win32
		{1C1226B6-2F12-3BF7-9FE5-59675E9E4D9B}.RelWithDebInfo|Win32.ActiveCfg = RelWithDebInfo|Win32
		{1C1226B6-2F12-3BF7-9FE5-59675E9E4D9B}.RelWithDebInfo|Win32.Build.0 = RelWithDebInfo|Win32
		{EE2709BF-7F2E-3E99-AB97-4BAF8889A75D}.Debug|Win32.ActiveCfg = Debug|Win32
		{EE2709BF-7F2E-3E99-AB97-4BAF8889A75D}.Debug|Win32.Build.0 = Debug|Win32
		{EE2709BF-7F2E-3E99-AB97-4BAF8889A75D}.Release|Win32.ActiveCfg = Release|Win32
		{EE2709BF-7F2E-3E99-AB97-4BAF8889A75D}.Release|Win32.Build.0 = Release|Win32
		{EE2709BF-7F2E-3E99-AB97-4BAF8889A75D}.MinSizeRel|Win32.ActiveCfg = MinSizeRel|Win32
		{EE2709BF-7F2E-3E99-AB97-4BAF8889A75D}.MinSizeRel|Win32.Build.0 = MinSizeRel|Win32
		{EE2709BF-7F2E-3E99-AB97-4BAF8889A75D}.RelWithDebInfo|Win32.ActiveCfg = RelWithDebInfo|Win32
		{EE2709BF-7F2E-3E99-AB97-4BAF8889A75D}.RelWithDebInfo|Win32.Build.0 = RelWithDebInfo|Win32
		{EE8DD4C6-3A41-3057-B84C-B26BA58D7547}.Debug|Win32.ActiveCfg = Debug|Win32
		{EE8DD4C6-3A41-3057-B84C-B26BA58D7547}.Debug|Win32.Build.0 = Debug|Win32
		{EE8DD4C6-3A41-3057-B84C-B26BA58D7547}.Release|Win32.ActiveCfg = Release|Win32
		{EE8DD4C6-3A41-3057-B84C-B26BA58D7547}.Release|Win32.Build.0 = Release|Win32
		{EE8DD4C6-3A41-3057-B84C-B26BA58D7547}.MinSizeRel|Win32.ActiveCfg = MinSizeRel|Win32
		{EE8DD4C6-3A41-3057-B84C-B26BA58D7547}.MinSizeRel|Win32.Build.0 = MinSizeRel|Win32
		{EE8DD4C6-3A41-3057-B84C-B26BA58D7547}.RelWithDebInfo|Win32.ActiveCfg = RelWithDebInfo|Win32
		{EE8DD4C6-3A41-3057-B84C-B26BA58D7547}.RelWithDebInfo|Win32.Build.0 = RelWithDebInfo|Win32
		{ED8271DE-792E-37B0-B544-913A43C4F2CC}.Debug|Win32.ActiveCfg = Debug|Win32
		{ED8271DE-792E-37B0-B544-913A43C4F2CC}.Debug|Win32.Build.0 = Debug|Win32
		{ED8271DE-792E-37B0-B544-913A43C4F2CC}.Release|Win32.ActiveCfg = Release|Win32
		{ED8271DE-792E-37B0-B544-913A43C4F2CC}.Release|Win32.Build.0 = Release|Win32
		{ED8271DE-792E-37B0-B544-913A43C4F2CC}.MinSizeRel|Win32.ActiveCfg = MinSizeRel|Win32
		{ED8271DE-792E-37B0-B544-913A43C4F2CC}.MinSizeRel|Win32.Build.0 = MinSizeRel|Win32
		{ED8271DE-792E-37B0-B544-913A43C4F2CC}.RelWithDebInfo|Win32.ActiveCfg = RelWithDebInfo|Win32
		{ED8271DE-792E-37B0-B544-913A43C4F2CC}.RelWithDebInfo|Win32.Build.0 = RelWithDebInfo|Win32
		{B99BAAA2-FE60-36CA-A350-0B4FC2862DB9}.Debug|Win32.ActiveCfg = Debug|Win32
		{B99BAAA2-FE60-36CA-A350-0B4FC2862DB9}.Debug|Win32.Build.0 = Debug|Win32
		{B99BAAA2-FE60-36CA-A350-0B4FC2862DB9}.Release|Win32.ActiveCfg = Release|Win32
		{B99BAAA2-FE60-36CA-A350-0B4FC2862DB9}.Release|Win32.Build.0 = Release|Win32
		{B99BAAA2-FE60-36CA-A350-0B4FC2862DB9}.MinSizeRel|Win32.ActiveCfg = MinSizeRel|Win32
		{B99BAAA2-FE60-36CA-A350-0B4FC2862DB9}.MinSizeRel|Win32.Build.0 = MinSizeRel|Win32
		{B99BAAA2-FE60-36CA-A350-0B4FC2862DB9}.RelWithDebInfo|Win32.ActiveCfg = RelWithDebInfo|Win32
		{B99BAAA2-FE60-36CA-A350-0B4FC2862DB9}.RelWithDebInfo|Win32.Build.0 = RelWithDebInfo|Win32
		{017B62B5-7E6D-3F22-8CA4-0519C755D727}.Debug|Win32.ActiveCfg = Debug|Win32
		{017B62B5-7E6D-3F22-8CA4-0519C755D727}.Debug|Win32.Build.0 = Debug|Win32
		{017B62B5-7E6D-3F22-8CA4-0519C755D727}.Release|Win32.ActiveCfg = Release|Win32
		{017B62B5-7E6D-3F22-8CA4-0519C755D727}.Release|Win32.Build.0 = Release|Win32
		{017B62B5-7E6D-3F22-8CA4-0519C755D727}.MinSizeRel|Win32.ActiveCfg = MinSizeRel|Win32
		{017B62B5-7E6D-3F22-8CA4-0519C755D727}.MinSizeRel|Win32.Build.0 = MinSizeRel|Win32
		{017B62B5-7E6D-3F22-8CA4-0519C755D727}.RelWithDebInfo|Win32.ActiveCfg = RelWithDebInfo|Win32
		{017B62B5-7E6D-3F22-8CA4-0519C755D727}.RelWithDebInfo|Win32.Build.0 = RelWithDebInfo|Win32
		{AEA40ACE-E833-31B1-82FD-99ECA8266526}.Debug|Win32.ActiveCfg = Debug|Win32
		{AEA40ACE-E833-31B1-82FD-99ECA8266526}.Debug|Win32.Build.0 = Debug|Win32
		{AEA40ACE-E833-31B1-82FD-99ECA8266526}.Release|Win32.ActiveCfg = Release|Win32
		{AEA40ACE-E833-31B1-82FD-99ECA8266526}.Release|Win32.Build.0 = Release|Win32
		{AEA40ACE-E833-31B1-82FD-99ECA8266526}.MinSizeRel|Win32.ActiveCfg = MinSizeRel|Win32
		{AEA40ACE-E833-31B1-82FD-99ECA8266526}.MinSizeRel|Win32.Build.0 = MinSizeRel|Win32
		{AEA40ACE-E833-31B1-82FD-99ECA8266526}.RelWithDebInfo|Win32.ActiveCfg = RelWithDebInfo|Win32
		{AEA40ACE-E833-31B1-82FD-99ECA8266526}.RelWithDebInfo|Win32.Build.0 = RelWithDebInfo|Win32
		{404C4739-30FD-36E4-9731-341D9FFD305D}.Debug|Win32.ActiveCfg = Debug|Win32
		{404C4739-30FD-36E4-9731-341D9FFD305D}.Debug|Win32.Build.0 = Debug|Win32
		{404C4739-30FD-36E4-9731-341D9FFD305D}.Release|Win32.ActiveCfg = Release|Win32
		{404C4739-30FD-36E4-9731-341D9FFD305D}.Release|Win32.Build.0 = Release|Win32
		{404C4739-30FD-36E4-9731-341D9FFD305D}.MinSizeRel|Win32.ActiveCfg = MinSizeRel|Win32
		{404C4739-30FD-36E4-9731-341D9FFD305D}.MinSizeRel|Win32.Build.0 = MinSizeRel|Win32
		{404C4739-30FD-36E4-9731-341D9FFD305D}.RelWithDebInfo|Win32.ActiveCfg = RelWithDebInfo|Win32
		{404C4739-30FD-36E4-9731-341D9FFD305D}.RelWithDebInfo|Win32.Build.0 = RelWithDebInfo|Win32
		{A2BFEB9A-6329-35C8-8138-70FA02E66D3D}.Debug|Win32.ActiveCfg = Debug|Win32
		{A2BFEB9A-6329-35C8-8138-70FA02E66D3D}.Debug|Win32.Build.0 = Debug|Win32
		{A2BFEB9A-6329-35C8-8138-70FA02E66D3D}.Release|Win32.ActiveCfg = Release|Win32
		{A2BFEB9A-6329-35C8-8138-70FA02E66D3D}.Release|Win32.Build.0 = Release|Win32
		{A2BFEB9A-6329-35C8-8138-70FA02E66D3D}.MinSizeRel|Win32.ActiveCfg = MinSizeRel|Win32
		{A2BFEB9A-6329-35C8-8138-70FA02E66D3D}.MinSizeRel|Win32.Build.0 = MinSizeRel|Win32
		{A2BFEB9A-6329-35C8-8138-70FA02E66D3D}.RelWithDebInfo|Win32.ActiveCfg = RelWithDebInfo|Win32
		{A2BFEB9A-6329-35C8-8138-70FA02E66D3D}.RelWithDebInfo|Win32.Build.0 = RelWithDebInfo|Win32
		{8D7C6D19-7A40-3065-8EC8-C0E334DD5F33}.Debug|Win32.ActiveCfg = Debug|Win32
		{8D7C6D19-7A40-3065-8EC8-C0E334DD5F33}.Debug|Win32.Build.0 = Debug|Win32
		{8D7C6D19-7A40-3065-8EC8-C0E334DD5F33}.Release|Win32.ActiveCfg = Release|Win32
		{8D7C6D19-7A40-3065-8EC8-C0E334DD5F33}.Release|Win32.Build.0 = Release|Win32
		{8D7C6D19-7A40-3065-8EC8-C0E334DD5F33}.MinSizeRel|Win32.ActiveCfg = MinSizeRel|Win32
		{8D7C6D19-7A40-3065-8EC8-C0E334DD5F33}.MinSizeRel|Win32.Build.0 = MinSizeRel|Win32
		{8D7C6D19-7A40-3065-8EC8-C0E334DD5F33}.RelWithDebInfo|Win32.ActiveCfg = RelWithDebInfo|Win32
		{8D7C6D19-7A40-3065-8EC8-C0E334DD5F33}.RelWithDebInfo|Win32.Build.0 = RelWithDebInfo|Win32
		{28EF574A-84DB-3CB0-9B45-DB3545B2D05C}.Debug|Win32.ActiveCfg = Debug|Win32
		{28EF574A-84DB-3CB0-9B45-DB3545B2D05C}.Debug|Win32.Build.0 = Debug|Win32
		{28EF574A-84DB-3CB0-9B45-DB3545B2D05C}.Release|Win32.ActiveCfg = Release|Win32
		{28EF574A-84DB-3CB0-9B45-DB3545B2D05C}.Release|Win32.Build.0 = Release|Win32
		{28EF574A-84DB-3CB0-9B45-DB3545B2D05C}.MinSizeRel|Win32.ActiveCfg = MinSizeRel|Win32
		{28EF574A-84DB-3CB0-9B45-DB3545B2D05C}.MinSizeRel|Win32.Build.0 = MinSizeRel|Win32
		{28EF574A-84DB-3CB0-9B45-DB3545B2D05C}.RelWithDebInfo|Win32.ActiveCfg = RelWithDebInfo|Win32
		{28EF574A-84DB-3CB0-9B45-DB3545B2D05C}.RelWithDebInfo|Win32.Build.0 = RelWithDebInfo|Win32
		{9BF1ADF3-EB57-35E8-B156-ADE8FFC7E2F0}.Debug|Win32.ActiveCfg = Debug|Win32
		{9BF1ADF3-EB57-35E8-B156-ADE8FFC7E2F0}.Debug|Win32.Build.0 = Debug|Win32
		{9BF1ADF3-EB57-35E8-B156-ADE8FFC7E2F0}.Release|Win32.ActiveCfg = Release|Win32
		{9BF1ADF3-EB57-35E8-B156-ADE8FFC7E2F0}.Release|Win32.Build.0 = Release|Win32
		{9BF1ADF3-EB57-35E8-B156-ADE8FFC7E2F0}.MinSizeRel|Win32.ActiveCfg = MinSizeRel|Win32
		{9BF1ADF3-EB57-35E8-B156-ADE8FFC7E2F0}.MinSizeRel|Win32.Build.0 = MinSizeRel|Win32
		{9BF1ADF3-EB57-35E8-B156-ADE8FFC7E2F0}.RelWithDebInfo|Win32.ActiveCfg = RelWithDebInfo|Win32
		{9BF1ADF3-EB57-35E8-B156-ADE8FFC7E2F0}.RelWithDebInfo|Win32.Build.0 = RelWithDebInfo|Win32
		{79ED946A-3737-3875-BF5D-2624A332F0F8}.Debug|Win32.ActiveCfg = Debug|Win32
		{79ED946A-3737-3875-BF5D-2624A332F0F8}.Debug|Win32.Build.0 = Debug|Win32
		{79ED946A-3737-3875-BF5D-2624A332F0F8}.Release|Win32.ActiveCfg = Release|Win32
		{79ED946A-3737-3875-BF5D-2624A332F0F8}.Release|Win32.Build.0 = Release|Win32
		{79ED946A-3737-3875-BF5D-2624A332F0F8}.MinSizeRel|Win32.ActiveCfg = MinSizeRel|Win32
		{79ED946A-3737-3875-BF5D-2624A332F0F8}.MinSizeRel|Win32.Build.0 = MinSizeRel|Win32
		{79ED946A-3737-3875-BF5D-2624A332F0F8}.RelWithDebInfo|Win32.ActiveCfg = RelWithDebInfo|Win32
		{79ED946A-3737-3875-BF5D-2624A332F0F8}.RelWithDebInfo|Win32.Build.0 = RelWithDebInfo|Win32
		{7D994280-BD71-346E-A12C-533371B0CEB8}.Debug|Win32.ActiveCfg = Debug|Win32
		{7D994280-BD71-346E-A12C-533371B0CEB8}.Debug|Win32.Build.0 = Debug|Win32
		{7D994280-BD71-346E-A12C-533371B0CEB8}.Release|Win32.ActiveCfg = Release|Win32
		{7D994280-BD71-346E-A12C-533371B0CEB8}.Release|Win32.Build.0 = Release|Win32
		{7D994280-BD71-346E-A12C-533371B0CEB8}.MinSizeRel|Win32.ActiveCfg = MinSizeRel|Win32
		{7D994280-BD71-346E-A12C-533371B0CEB8}.MinSizeRel|Win32.Build.0 = MinSizeRel|Win32
		{7D994280-BD71-346E-A12C-533371B0CEB8}.RelWithDebInfo|Win32.ActiveCfg = RelWithDebInfo|Win32
		{7D994280-BD71-346E-A12C-533371B0CEB8}.RelWithDebInfo|Win32.Build.0 = RelWithDebInfo|Win32
		{C26281D6-E2AD-3E11-AB6D-13AABDCDBB3D}.Debug|Win32.ActiveCfg = Debug|Win32
		{C26281D6-E2AD-3E11-AB6D-13AABDCDBB3D}.Debug|Win32.Build.0 = Debug|Win32
		{C26281D6-E2AD-3E11-AB6D-13AABDCDBB3D}.Release|Win32.ActiveCfg = Release|Win32
		{C26281D6-E2AD-3E11-AB6D-13AABDCDBB3D}.Release|Win32.Build.0 = Release|Win32
		{C26281D6-E2AD-3E11-AB6D-13AABDCDBB3D}.MinSizeRel|Win32.ActiveCfg = MinSizeRel|Win32
		{C26281D6-E2AD-3E11-AB6D-13AABDCDBB3D}.MinSizeRel|Win32.Build.0 = MinSizeRel|Win32
		{C26281D6-E2AD-3E11-AB6D-13AABDCDBB3D}.RelWithDebInfo|Win32.ActiveCfg = RelWithDebInfo|Win32
		{C26281D6-E2AD-3E11-AB6D-13AABDCDBB3D}.RelWithDebInfo|Win32.Build.0 = RelWithDebInfo|Win32
		{8ECBBDCD-865E-345B-9496-62B82F2FFEC5}.Debug|Win32.ActiveCfg = Debug|Win32
		{8ECBBDCD-865E-345B-9496-62B82F2FFEC5}.Debug|Win32.Build.0 = Debug|Win32
		{8ECBBDCD-865E-345B-9496-62B82F2FFEC5}.Release|Win32.ActiveCfg = Release|Win32
		{8ECBBDCD-865E-345B-9496-62B82F2FFEC5}.Release|Win32.Build.0 = Release|Win32
		{8ECBBDCD-865E-345B-9496-62B82F2FFEC5}.MinSizeRel|Win32.ActiveCfg = MinSizeRel|Win32
		{8ECBBDCD-865E-345B-9496-62B82F2FFEC5}.MinSizeRel|Win32.Build.0 = MinSizeRel|Win32
		{8ECBBDCD-865E-345B-9496-62B82F2FFEC5}.RelWithDebInfo|Win32.ActiveCfg = RelWithDebInfo|Win32
		{8ECBBDCD-865E-345B-9496-62B82F2FFEC5}.RelWithDebInfo|Win32.Build.0 = RelWithDebInfo|Win32
		{E75F002D-92B3-34E8-81E9-A70E179607D9}.Debug|Win32.ActiveCfg = Debug|Win32
		{E75F002D-92B3-34E8-81E9-A70E179607D9}.Debug|Win32.Build.0 = Debug|Win32
		{E75F002D-92B3-34E8-81E9-A70E179607D9}.Release|Win32.ActiveCfg = Release|Win32
		{E75F002D-92B3-34E8-81E9-A70E179607D9}.Release|Win32.Build.0 = Release|Win32
		{E75F002D-92B3-34E8-81E9-A70E179607D9}.MinSizeRel|Win32.ActiveCfg = MinSizeRel|Win32
		{E75F002D-92B3-34E8-81E9-A70E179607D9}.MinSizeRel|Win32.Build.0 = MinSizeRel|Win32
		{E75F002D-92B3-34E8-81E9-A70E179607D9}.RelWithDebInfo|Win32.ActiveCfg = RelWithDebInfo|Win32
		{E75F002D-92B3-34E8-81E9-A70E179607D9}.RelWithDebInfo|Win32.Build.0 = RelWithDebInfo|Win32
		{9B7824FE-A633-3BC4-8A09-208C711B879E}.Debug|Win32.ActiveCfg = Debug|Win32
		{9B7824FE-A633-3BC4-8A09-208C711B879E}.Debug|Win32.Build.0 = Debug|Win32
		{9B7824FE-A633-3BC4-8A09-208C711B879E}.Release|Win32.ActiveCfg = Release|Win32
		{9B7824FE-A633-3BC4-8A09-208C711B879E}.Release|Win32.Build.0 = Release|Win32
		{9B7824FE-A633-3BC4-8A09-208C711B879E}.MinSizeRel|Win32.ActiveCfg = MinSizeRel|Win32
		{9B7824FE-A633-3BC4-8A09-208C711B879E}.MinSizeRel|Win32.Build.0 = MinSizeRel|Win32
		{9B7824FE-A633-3BC4-8A09-208C711B879E}.RelWithDebInfo|Win32.ActiveCfg = RelWithDebInfo|Win32
		{9B7824FE-A633-3BC4-8A09-208C711B879E}.RelWithDebInfo|Win32.Build.0 = RelWithDebInfo|Win32
		{8B5BC7CC-B8F7-3587-B41D-530ACB6FF142}.Debug|Win32.ActiveCfg = Debug|Win32
		{8B5BC7CC-B8F7-3587-B41D-530ACB6FF142}.Debug|Win32.Build.0 = Debug|Win32
		{8B5BC7CC-B8F7-3587-B41D-530ACB6FF142}.Release|Win32.ActiveCfg = Release|Win32
		{8B5BC7CC-B8F7-3587-B41D-530ACB6FF142}.Release|Win32.Build.0 = Release|Win32
		{8B5BC7CC-B8F7-3587-B41D-530ACB6FF142}.MinSizeRel|Win32.ActiveCfg = MinSizeRel|Win32
		{8B5BC7CC-B8F7-3587-B41D-530ACB6FF142}.MinSizeRel|Win32.Build.0 = MinSizeRel|Win32
		{8B5BC7CC-B8F7-3587-B41D-530ACB6FF142}.RelWithDebInfo|Win32.ActiveCfg = RelWithDebInfo|Win32
		{8B5BC7CC-B8F7-3587-B41D-530ACB6FF142}.RelWithDebInfo|Win32.Build.0 = RelWithDebInfo|Win32
		{A08ABB41-E444-33BE-BCBC-41E437FEC988}.Debug|Win32.ActiveCfg = Debug|Win32
		{A08ABB41-E444-33BE-BCBC-41E437FEC988}.Debug|Win32.Build.0 = Debug|Win32
		{A08ABB41-E444-33BE-BCBC-41E437FEC988}.Release|Win32.ActiveCfg = Release|Win32
		{A08ABB41-E444-33BE-BCBC-41E437FEC988}.Release|Win32.Build.0 = Release|Win32
		{A08ABB41-E444-33BE-BCBC-41E437FEC988}.MinSizeRel|Win32.ActiveCfg = MinSizeRel|Win32
		{A08ABB41-E444-33BE-BCBC-41E437FEC988}.MinSizeRel|Win32.Build.0 = MinSizeRel|Win32
		{A08ABB41-E444-33BE-BCBC-41E437FEC988}.RelWithDebInfo|Win32.ActiveCfg = RelWithDebInfo|Win32
		{A08ABB41-E444-33BE-BCBC-41E437FEC988}.RelWithDebInfo|Win32.Build.0 = RelWithDebInfo|Win32
		{096ECE45-8AFA-36FC-B91C-ECFE36F88EB4}.Debug|Win32.ActiveCfg = Debug|Win32
		{096ECE45-8AFA-36FC-B91C-ECFE36F88EB4}.Debug|Win32.Build.0 = Debug|Win32
		{096ECE45-8AFA-36FC-B91C-ECFE36F88EB4}.Release|Win32.ActiveCfg = Release|Win32
		{096ECE45-8AFA-36FC-B91C-ECFE36F88EB4}.Release|Win32.Build.0 = Release|Win32
		{096ECE45-8AFA-36FC-B91C-ECFE36F88EB4}.MinSizeRel|Win32.ActiveCfg = MinSizeRel|Win32
		{096ECE45-8AFA-36FC-B91C-ECFE36F88EB4}.MinSizeRel|Win32.Build.0 = MinSizeRel|Win32
		{096ECE45-8AFA-36FC-B91C-ECFE36F88EB4}.RelWithDebInfo|Win32.ActiveCfg = RelWithDebInfo|Win32
		{096ECE45-8AFA-36FC-B91C-ECFE36F88EB4}.RelWithDebInfo|Win32.Build.0 = RelWithDebInfo|Win32
		{BC0F314D-8437-3FED-8C5A-AB57DC33C6E4}.Debug|Win32.ActiveCfg = Debug|Win32
		{BC0F314D-8437-3FED-8C5A-AB57DC33C6E4}.Release|Win32.ActiveCfg = Release|Win32
		{BC0F314D-8437-3FED-8C5A-AB57DC33C6E4}.MinSizeRel|Win32.ActiveCfg = MinSizeRel|Win32
		{BC0F314D-8437-3FED-8C5A-AB57DC33C6E4}.RelWithDebInfo|Win32.ActiveCfg = RelWithDebInfo|Win32
		{4DCE52A5-106C-3D94-815D-C8EBC6133B5E}.Debug|Win32.ActiveCfg = Debug|Win32
		{4DCE52A5-106C-3D94-815D-C8EBC6133B5E}.Debug|Win32.Build.0 = Debug|Win32
		{4DCE52A5-106C-3D94-815D-C8EBC6133B5E}.Release|Win32.ActiveCfg = Release|Win32
		{4DCE52A5-106C-3D94-815D-C8EBC6133B5E}.Release|Win32.Build.0 = Release|Win32
		{4DCE52A5-106C-3D94-815D-C8EBC6133B5E}.MinSizeRel|Win32.ActiveCfg = MinSizeRel|Win32
		{4DCE52A5-106C-3D94-815D-C8EBC6133B5E}.MinSizeRel|Win32.Build.0 = MinSizeRel|Win32
		{4DCE52A5-106C-3D94-815D-C8EBC6133B5E}.RelWithDebInfo|Win32.ActiveCfg = RelWithDebInfo|Win32
		{4DCE52A5-106C-3D94-815D-C8EBC6133B5E}.RelWithDebInfo|Win32.Build.0 = RelWithDebInfo|Win32
		{6F728741-E98F-3AA2-9C56-425B4E3F547E}.Debug|Win32.ActiveCfg = Debug|Win32
		{6F728741-E98F-3AA2-9C56-425B4E3F547E}.Debug|Win32.Build.0 = Debug|Win32
		{6F728741-E98F-3AA2-9C56-425B4E3F547E}.Release|Win32.ActiveCfg = Release|Win32
		{6F728741-E98F-3AA2-9C56-425B4E3F547E}.Release|Win32.Build.0 = Release|Win32
		{6F728741-E98F-3AA2-9C56-425B4E3F547E}.MinSizeRel|Win32.ActiveCfg = MinSizeRel|Win32
		{6F728741-E98F-3AA2-9C56-425B4E3F547E}.MinSizeRel|Win32.Build.0 = MinSizeRel|Win32
		{6F728741-E98F-3AA2-9C56-425B4E3F547E}.RelWithDebInfo|Win32.ActiveCfg = RelWithDebInfo|Win32
		{6F728741-E98F-3AA2-9C56-425B4E3F547E}.RelWithDebInfo|Win32.Build.0 = RelWithDebInfo|Win32
		{7776B3AB-B41F-3B26-903F-0880171B8D8F}.Debug|Win32.ActiveCfg = Debug|Win32
		{7776B3AB-B41F-3B26-903F-0880171B8D8F}.Release|Win32.ActiveCfg = Release|Win32
		{7776B3AB-B41F-3B26-903F-0880171B8D8F}.MinSizeRel|Win32.ActiveCfg = MinSizeRel|Win32
		{7776B3AB-B41F-3B26-903F-0880171B8D8F}.RelWithDebInfo|Win32.ActiveCfg = RelWithDebInfo|Win32
		{1E169C59-D50A-3D1B-8B4F-F6A151475486}.Debug|Win32.ActiveCfg = Debug|Win32
		{1E169C59-D50A-3D1B-8B4F-F6A151475486}.Debug|Win32.Build.0 = Debug|Win32
		{1E169C59-D50A-3D1B-8B4F-F6A151475486}.Release|Win32.ActiveCfg = Release|Win32
		{1E169C59-D50A-3D1B-8B4F-F6A151475486}.Release|Win32.Build.0 = Release|Win32
		{1E169C59-D50A-3D1B-8B4F-F6A151475486}.MinSizeRel|Win32.ActiveCfg = MinSizeRel|Win32
		{1E169C59-D50A-3D1B-8B4F-F6A151475486}.MinSizeRel|Win32.Build.0 = MinSizeRel|Win32
		{1E169C59-D50A-3D1B-8B4F-F6A151475486}.RelWithDebInfo|Win32.ActiveCfg = RelWithDebInfo|Win32
		{1E169C59-D50A-3D1B-8B4F-F6A151475486}.RelWithDebInfo|Win32.Build.0 = RelWithDebInfo|Win32
		{2C535A9D-4F17-39D3-AD1A-7554B5E60C4C}.Debug|Win32.ActiveCfg = Debug|Win32
		{2C535A9D-4F17-39D3-AD1A-7554B5E60C4C}.Debug|Win32.Build.0 = Debug|Win32
		{2C535A9D-4F17-39D3-AD1A-7554B5E60C4C}.Release|Win32.ActiveCfg = Release|Win32
		{2C535A9D-4F17-39D3-AD1A-7554B5E60C4C}.Release|Win32.Build.0 = Release|Win32
		{2C535A9D-4F17-39D3-AD1A-7554B5E60C4C}.MinSizeRel|Win32.ActiveCfg = MinSizeRel|Win32
		{2C535A9D-4F17-39D3-AD1A-7554B5E60C4C}.MinSizeRel|Win32.Build.0 = MinSizeRel|Win32
		{2C535A9D-4F17-39D3-AD1A-7554B5E60C4C}.RelWithDebInfo|Win32.ActiveCfg = RelWithDebInfo|Win32
		{2C535A9D-4F17-39D3-AD1A-7554B5E60C4C}.RelWithDebInfo|Win32.Build.0 = RelWithDebInfo|Win32
		{9647CEDB-8737-3400-A067-5C6699D6C1EA}.Debug|Win32.ActiveCfg = Debug|Win32
		{9647CEDB-8737-3400-A067-5C6699D6C1EA}.Debug|Win32.Build.0 = Debug|Win32
		{9647CEDB-8737-3400-A067-5C6699D6C1EA}.Release|Win32.ActiveCfg = Release|Win32
		{9647CEDB-8737-3400-A067-5C6699D6C1EA}.Release|Win32.Build.0 = Release|Win32
		{9647CEDB-8737-3400-A067-5C6699D6C1EA}.MinSizeRel|Win32.ActiveCfg = MinSizeRel|Win32
		{9647CEDB-8737-3400-A067-5C6699D6C1EA}.MinSizeRel|Win32.Build.0 = MinSizeRel|Win32
		{9647CEDB-8737-3400-A067-5C6699D6C1EA}.RelWithDebInfo|Win32.ActiveCfg = RelWithDebInfo|Win32
		{9647CEDB-8737-3400-A067-5C6699D6C1EA}.RelWithDebInfo|Win32.Build.0 = RelWithDebInfo|Win32
		{5E9AA8B2-7BCB-3718-BCC1-1C78A752835B}.Debug|Win32.ActiveCfg = Debug|Win32
		{5E9AA8B2-7BCB-3718-BCC1-1C78A752835B}.Debug|Win32.Build.0 = Debug|Win32
		{5E9AA8B2-7BCB-3718-BCC1-1C78A752835B}.Release|Win32.ActiveCfg = Release|Win32
		{5E9AA8B2-7BCB-3718-BCC1-1C78A752835B}.Release|Win32.Build.0 = Release|Win32
		{5E9AA8B2-7BCB-3718-BCC1-1C78A752835B}.MinSizeRel|Win32.ActiveCfg = MinSizeRel|Win32
		{5E9AA8B2-7BCB-3718-BCC1-1C78A752835B}.MinSizeRel|Win32.Build.0 = MinSizeRel|Win32
		{5E9AA8B2-7BCB-3718-BCC1-1C78A752835B}.RelWithDebInfo|Win32.ActiveCfg = RelWithDebInfo|Win32
		{5E9AA8B2-7BCB-3718-BCC1-1C78A752835B}.RelWithDebInfo|Win32.Build.0 = RelWithDebInfo|Win32
		{94463C1C-FA27-3124-8518-A59A427A265E}.Debug|Win32.ActiveCfg = Debug|Win32
		{94463C1C-FA27-3124-8518-A59A427A265E}.Debug|Win32.Build.0 = Debug|Win32
		{94463C1C-FA27-3124-8518-A59A427A265E}.Release|Win32.ActiveCfg = Release|Win32
		{94463C1C-FA27-3124-8518-A59A427A265E}.Release|Win32.Build.0 = Release|Win32
		{94463C1C-FA27-3124-8518-A59A427A265E}.MinSizeRel|Win32.ActiveCfg = MinSizeRel|Win32
		{94463C1C-FA27-3124-8518-A59A427A265E}.MinSizeRel|Win32.Build.0 = MinSizeRel|Win32
		{94463C1C-FA27-3124-8518-A59A427A265E}.RelWithDebInfo|Win32.ActiveCfg = RelWithDebInfo|Win32
		{94463C1C-FA27-3124-8518-A59A427A265E}.RelWithDebInfo|Win32.Build.0 = RelWithDebInfo|Win32
		{6ED4683B-7647-31D7-8AF2-C9D5BE7A6015}.Debug|Win32.ActiveCfg = Debug|Win32
		{6ED4683B-7647-31D7-8AF2-C9D5BE7A6015}.Debug|Win32.Build.0 = Debug|Win32
		{6ED4683B-7647-31D7-8AF2-C9D5BE7A6015}.Release|Win32.ActiveCfg = Release|Win32
		{6ED4683B-7647-31D7-8AF2-C9D5BE7A6015}.Release|Win32.Build.0 = Release|Win32
		{6ED4683B-7647-31D7-8AF2-C9D5BE7A6015}.MinSizeRel|Win32.ActiveCfg = MinSizeRel|Win32
		{6ED4683B-7647-31D7-8AF2-C9D5BE7A6015}.MinSizeRel|Win32.Build.0 = MinSizeRel|Win32
		{6ED4683B-7647-31D7-8AF2-C9D5BE7A6015}.RelWithDebInfo|Win32.ActiveCfg = RelWithDebInfo|Win32
		{6ED4683B-7647-31D7-8AF2-C9D5BE7A6015}.RelWithDebInfo|Win32.Build.0 = RelWithDebInfo|Win32
	EndGlobalSection
	GlobalSection(ExtensibilityGlobals) = postSolution
	EndGlobalSection
	GlobalSection(ExtensibilityAddIns) = postSolution
	EndGlobalSection
EndGlobal
