<?xml version="1.0" encoding="utf-8"?>
<Project ToolsVersion="4.0" xmlns="http://schemas.microsoft.com/developer/msbuild/2003">
  <ItemGroup>
    <Filter Include="Header Files">
      <UniqueIdentifier>{ba8fca66-7e37-4dd4-aec0-6163e6237a77}</UniqueIdentifier>
    </Filter>
    <Filter Include="Source Files">
      <UniqueIdentifier>{452e813d-0bd0-45cf-9ad4-472467fc336c}</UniqueIdentifier>
    </Filter>
    <Filter Include="Header Files\Enums">
      <UniqueIdentifier>{c73fcba4-f989-4b39-b78d-9ef11794c928}</UniqueIdentifier>
    </Filter>
    <Filter Include="Header Files\Internal">
      <UniqueIdentifier>{105b0159-e4b0-4181-9896-9e4464cb3d00}</UniqueIdentifier>
    </Filter>
    <Filter Include="Header Files\Transport">
      <UniqueIdentifier>{bde75048-1f6b-4043-995e-0e1727a55e00}</UniqueIdentifier>
    </Filter>
    <Filter Include="Source Files\Internal">
      <UniqueIdentifier>{3304863a-c248-4ce0-996e-f0a713a45088}</UniqueIdentifier>
    </Filter>
    <Filter Include="Source Files\Transport">
      <UniqueIdentifier>{b08b6714-d969-4561-a55a-6fcd58dbb2fb}</UniqueIdentifier>
    </Filter>
  </ItemGroup>
  <ItemGroup>
    <ClInclude Include="inc\Enums\Codec.h">
      <Filter>Header Files\Enums</Filter>
    </ClInclude>
    <ClInclude Include="inc\Internal\RemoteVoice.h">
      <Filter>Header Files\Internal</Filter>
    </ClInclude>
    <ClInclude Include="inc\Transport\LoadBalancingListener.h">
      <Filter>Header Files\Transport</Filter>
    </ClInclude>
    <ClInclude Include="inc\Transport\LoadBalancingTransport.h">
      <Filter>Header Files\Transport</Filter>
    </ClInclude>
    <ClInclude Include="inc\Transport\PhotonTransport.h">
      <Filter>Header Files\Transport</Filter>
    </ClInclude>
    <ClInclude Include="inc\AudioGen.h">
      <Filter>Header Files</Filter>
    </ClInclude>
    <ClInclude Include="inc\AudioStreamPlayer.h">
      <Filter>Header Files</Filter>
    </ClInclude>
    <ClInclude Include="inc\AudioUtil.h">
      <Filter>Header Files</Filter>
    </ClInclude>
    <ClInclude Include="inc\Buffer.h">
      <Filter>Header Files</Filter>
    </ClInclude>
    <ClInclude Include="inc\defines.h">
      <Filter>Header Files</Filter>
    </ClInclude>
    <ClInclude Include="inc\ILogger.h">
      <Filter>Header Files</Filter>
    </ClInclude>
    <ClInclude Include="inc\OpusCodec.h">
      <Filter>Header Files</Filter>
    </ClInclude>
    <ClInclude Include="inc\RemoteVoiceInfo.h">
      <Filter>Header Files</Filter>
    </ClInclude>
    <ClInclude Include="inc\RemoteVoiceOptions.h">
      <Filter>Header Files</Filter>
    </ClInclude>
    <ClInclude Include="inc\Voice.h">
      <Filter>Header Files</Filter>
    </ClInclude>
    <ClInclude Include="inc\VoiceAudio.h">
      <Filter>Header Files</Filter>
    </ClInclude>
    <ClInclude Include="inc\VoiceClient.h">
      <Filter>Header Files</Filter>
    </ClInclude>
    <ClInclude Include="inc\VoiceCodec.h">
      <Filter>Header Files</Filter>
    </ClInclude>
    <ClInclude Include="inc\VoiceFramed.h">
      <Filter>Header Files</Filter>
    </ClInclude>
    <ClInclude Include="inc\VoiceInfo.h">
      <Filter>Header Files</Filter>
    </ClInclude>
  </ItemGroup>
  <ItemGroup>
    <ClCompile Include="src\Internal\RemoteVoice.cpp">
      <Filter>Source Files\Internal</Filter>
    </ClCompile>
    <ClCompile Include="src\Transport\LoadBalancingListener.cpp">
      <Filter>Source Files\Transport</Filter>
    </ClCompile>
    <ClCompile Include="src\Transport\LoadBalancingTransport.cpp">
      <Filter>Source Files\Transport</Filter>
    </ClCompile>
    <ClCompile Include="src\Transport\PhotonTransport.cpp">
      <Filter>Source Files\Transport</Filter>
    </ClCompile>
    <ClCompile Include="src\AudioGen.cpp">
      <Filter>Source Files</Filter>
    </ClCompile>
    <ClCompile Include="src\AudioStreamPlayer.cpp">
      <Filter>Source Files</Filter>
    </ClCompile>
    <ClCompile Include="src\AudioUtil.cpp">
      <Filter>Source Files</Filter>
    </ClCompile>
    <ClCompile Include="src\Buffer.cpp">
      <Filter>Source Files</Filter>
    </ClCompile>
    <ClCompile Include="src\OpusCodec.cpp">
      <Filter>Source Files</Filter>
    </ClCompile>
    <ClCompile Include="src\RemoteVoiceOptions.cpp">
      <Filter>Source Files</Filter>
    </ClCompile>
    <ClCompile Include="src\Voice.cpp">
      <Filter>Source Files</Filter>
    </ClCompile>
    <ClCompile Include="src\VoiceAudio.cpp">
      <Filter>Source Files</Filter>
    </ClCompile>
    <ClCompile Include="src\VoiceClient.cpp">
      <Filter>Source Files</Filter>
    </ClCompile>
    <ClCompile Include="src\VoiceCodec.cpp">
      <Filter>Source Files</Filter>
    </ClCompile>
    <ClCompile Include="src\VoiceFramed.cpp">
      <Filter>Source Files</Filter>
    </ClCompile>
    <ClCompile Include="src\VoiceInfo.cpp">
      <Filter>Source Files</Filter>
    </ClCompile>
  </ItemGroup>
</Project>