<?xml version="1.0" encoding="UTF-8"?>
<Project ToolsVersion="14.0" xmlns="http://schemas.microsoft.com/developer/msbuild/2003">
  <ItemGroup>
    <ClCompile Include="C:\Users\KIYOHARA\Documents\bullet3-2.83.7\src\Bullet3Common\b3AlignedAllocator.cpp">
      <Filter>Source Files</Filter>
    </ClCompile>
    <ClCompile Include="C:\Users\KIYOHARA\Documents\bullet3-2.83.7\src\Bullet3Common\b3Vector3.cpp">
      <Filter>Source Files</Filter>
    </ClCompile>
    <ClCompile Include="C:\Users\KIYOHARA\Documents\bullet3-2.83.7\src\Bullet3Common\b3Logging.cpp">
      <Filter>Source Files</Filter>
    </ClCompile>
  </ItemGroup>
  <ItemGroup>
    <ClInclude Include="C:\Users\KIYOHARA\Documents\bullet3-2.83.7\src\Bullet3Common\b3AlignedAllocator.h">
      <Filter>Header Files</Filter>
    </ClInclude>
    <ClInclude Include="C:\Users\KIYOHARA\Documents\bullet3-2.83.7\src\Bullet3Common\b3AlignedObjectArray.h">
      <Filter>Header Files</Filter>
    </ClInclude>
    <ClInclude Include="C:\Users\KIYOHARA\Documents\bullet3-2.83.7\src\Bullet3Common\b3CommandLineArgs.h">
      <Filter>Header Files</Filter>
    </ClInclude>
    <ClInclude Include="C:\Users\KIYOHARA\Documents\bullet3-2.83.7\src\Bullet3Common\b3HashMap.h">
      <Filter>Header Files</Filter>
    </ClInclude>
    <ClInclude Include="C:\Users\KIYOHARA\Documents\bullet3-2.83.7\src\Bullet3Common\b3Logging.h">
      <Filter>Header Files</Filter>
    </ClInclude>
    <ClInclude Include="C:\Users\KIYOHARA\Documents\bullet3-2.83.7\src\Bullet3Common\b3Matrix3x3.h">
      <Filter>Header Files</Filter>
    </ClInclude>
    <ClInclude Include="C:\Users\KIYOHARA\Documents\bullet3-2.83.7\src\Bullet3Common\b3MinMax.h">
      <Filter>Header Files</Filter>
    </ClInclude>
    <ClInclude Include="C:\Users\KIYOHARA\Documents\bullet3-2.83.7\src\Bullet3Common\b3PoolAllocator.h">
      <Filter>Header Files</Filter>
    </ClInclude>
    <ClInclude Include="C:\Users\KIYOHARA\Documents\bullet3-2.83.7\src\Bullet3Common\b3QuadWord.h">
      <Filter>Header Files</Filter>
    </ClInclude>
    <ClInclude Include="C:\Users\KIYOHARA\Documents\bullet3-2.83.7\src\Bullet3Common\b3Quaternion.h">
      <Filter>Header Files</Filter>
    </ClInclude>
    <ClInclude Include="C:\Users\KIYOHARA\Documents\bullet3-2.83.7\src\Bullet3Common\b3Random.h">
      <Filter>Header Files</Filter>
    </ClInclude>
    <ClInclude Include="C:\Users\KIYOHARA\Documents\bullet3-2.83.7\src\Bullet3Common\b3Scalar.h">
      <Filter>Header Files</Filter>
    </ClInclude>
    <ClInclude Include="C:\Users\KIYOHARA\Documents\bullet3-2.83.7\src\Bullet3Common\b3StackAlloc.h">
      <Filter>Header Files</Filter>
    </ClInclude>
    <ClInclude Include="C:\Users\KIYOHARA\Documents\bullet3-2.83.7\src\Bullet3Common\b3Transform.h">
      <Filter>Header Files</Filter>
    </ClInclude>
    <ClInclude Include="C:\Users\KIYOHARA\Documents\bullet3-2.83.7\src\Bullet3Common\b3TransformUtil.h">
      <Filter>Header Files</Filter>
    </ClInclude>
    <ClInclude Include="C:\Users\KIYOHARA\Documents\bullet3-2.83.7\src\Bullet3Common\b3Vector3.h">
      <Filter>Header Files</Filter>
    </ClInclude>
    <ClInclude Include="C:\Users\KIYOHARA\Documents\bullet3-2.83.7\src\Bullet3Common\shared\b3Float4.h">
      <Filter>Header Files</Filter>
    </ClInclude>
    <ClInclude Include="C:\Users\KIYOHARA\Documents\bullet3-2.83.7\src\Bullet3Common\shared\b3Int2.h">
      <Filter>Header Files</Filter>
    </ClInclude>
    <ClInclude Include="C:\Users\KIYOHARA\Documents\bullet3-2.83.7\src\Bullet3Common\shared\b3Int4.h">
      <Filter>Header Files</Filter>
    </ClInclude>
    <ClInclude Include="C:\Users\KIYOHARA\Documents\bullet3-2.83.7\src\Bullet3Common\shared\b3Mat3x3.h">
      <Filter>Header Files</Filter>
    </ClInclude>
    <ClInclude Include="C:\Users\KIYOHARA\Documents\bullet3-2.83.7\src\Bullet3Common\shared\b3PlatformDefinitions.h">
      <Filter>Header Files</Filter>
    </ClInclude>
    <ClInclude Include="C:\Users\KIYOHARA\Documents\bullet3-2.83.7\src\Bullet3Common\shared\b3Quat.h">
      <Filter>Header Files</Filter>
    </ClInclude>
  </ItemGroup>
  <ItemGroup>
    <CustomBuild Include="C:\Users\KIYOHARA\Documents\bullet3-2.83.7\src\Bullet3Common\CMakeLists.txt" />
  </ItemGroup>
  <ItemGroup>
    <Filter Include="Source Files">
      <UniqueIdentifier>{2A04211F-1BB8-30D8-B268-37E7BAA2F2BA}</UniqueIdentifier>
    </Filter>
    <Filter Include="Header Files">
      <UniqueIdentifier>{28BC13D6-E540-3536-8983-A19E4698A0B9}</UniqueIdentifier>
    </Filter>
  </ItemGroup>
</Project>
