<?xml version="1.0" encoding="utf-8"?>
<Project ToolsVersion="4.0" xmlns="http://schemas.microsoft.com/developer/msbuild/2003">
  <ItemGroup>
    <Filter Include="graphics">
      <UniqueIdentifier>{be505d70-91d3-424b-a445-5685d22f485c}</UniqueIdentifier>
    </Filter>
    <Filter Include="camera">
      <UniqueIdentifier>{9a89f799-d7bf-47b8-bd87-315d3c7d0d60}</UniqueIdentifier>
    </Filter>
    <Filter Include="level3D">
      <UniqueIdentifier>{c0dd323f-9775-4217-8178-9ab457df52bb}</UniqueIdentifier>
    </Filter>
    <Filter Include="nature">
      <UniqueIdentifier>{0f811c27-ef1a-4c7a-a33d-6b4890e9f741}</UniqueIdentifier>
    </Filter>
  </ItemGroup>
  <ItemGroup>
    <ClCompile Include="graphics\ModelRender.cpp">
      <Filter>graphics</Filter>
    </ClCompile>
    <ClCompile Include="k2EnginePreCompile.cpp" />
    <ClCompile Include="graphics\SpriteRender.cpp">
      <Filter>graphics</Filter>
    </ClCompile>
    <ClCompile Include="graphics\FontRender.cpp">
      <Filter>graphics</Filter>
    </ClCompile>
    <ClCompile Include="graphics\PostEffect.cpp">
      <Filter>graphics</Filter>
    </ClCompile>
    <ClCompile Include="graphics\RenderingEngine.cpp">
      <Filter>graphics</Filter>
    </ClCompile>
    <ClCompile Include="graphics\ShadowMapRender.cpp">
      <Filter>graphics</Filter>
    </ClCompile>
    <ClCompile Include="graphics\Bloom.cpp">
      <Filter>graphics</Filter>
    </ClCompile>
    <ClCompile Include="graphics\CascadeShadowMapMatrix.cpp">
      <Filter>graphics</Filter>
    </ClCompile>
    <ClCompile Include="graphics\Dof.cpp">
      <Filter>graphics</Filter>
    </ClCompile>
    <ClCompile Include="graphics\Fxaa.cpp">
      <Filter>graphics</Filter>
    </ClCompile>
    <ClCompile Include="graphics\ToneMap.cpp">
      <Filter>graphics</Filter>
    </ClCompile>
    <ClCompile Include="graphics\Ssao.cpp">
      <Filter>graphics</Filter>
    </ClCompile>
    <ClCompile Include="camera\CameraCollisionSolver.cpp">
      <Filter>camera</Filter>
    </ClCompile>
    <ClCompile Include="camera\SpringCamera.cpp">
      <Filter>camera</Filter>
    </ClCompile>
    <ClCompile Include="nature\SkyCube.cpp">
      <Filter>nature</Filter>
    </ClCompile>
    <ClCompile Include="level3D\Level.cpp">
      <Filter>level3D</Filter>
    </ClCompile>
    <ClCompile Include="level3D\MapChip.cpp">
      <Filter>level3D</Filter>
    </ClCompile>
  </ItemGroup>
  <ItemGroup>
    <ClInclude Include="graphics\ModelRender.h">
      <Filter>graphics</Filter>
    </ClInclude>
    <ClInclude Include="k2EnginePreCompile.h" />
    <ClInclude Include="graphics\SpriteRender.h">
      <Filter>graphics</Filter>
    </ClInclude>
    <ClInclude Include="graphics\FontRender.h">
      <Filter>graphics</Filter>
    </ClInclude>
    <ClInclude Include="graphics\MyRenderer.h">
      <Filter>graphics</Filter>
    </ClInclude>
    <ClInclude Include="graphics\PostEffect.h">
      <Filter>graphics</Filter>
    </ClInclude>
    <ClInclude Include="graphics\RenderingEngine.h">
      <Filter>graphics</Filter>
    </ClInclude>
    <ClInclude Include="graphics\ShadowMapRender.h">
      <Filter>graphics</Filter>
    </ClInclude>
    <ClInclude Include="graphics\Bloom.h">
      <Filter>graphics</Filter>
    </ClInclude>
    <ClInclude Include="graphics\CascadeShadowMapMatrix.h">
      <Filter>graphics</Filter>
    </ClInclude>
    <ClInclude Include="graphics\Dof.h">
      <Filter>graphics</Filter>
    </ClInclude>
    <ClInclude Include="graphics\Fxaa.h">
      <Filter>graphics</Filter>
    </ClInclude>
    <ClInclude Include="graphics\ToneMap.h">
      <Filter>graphics</Filter>
    </ClInclude>
    <ClInclude Include="graphics\Ssao.h">
      <Filter>graphics</Filter>
    </ClInclude>
    <ClInclude Include="camera\CameraCollisionSolver.h">
      <Filter>camera</Filter>
    </ClInclude>
    <ClInclude Include="camera\SpringCamera.h">
      <Filter>camera</Filter>
    </ClInclude>
    <ClInclude Include="nature\SkyCube.h">
      <Filter>nature</Filter>
    </ClInclude>
    <ClInclude Include="level3D\Level.h">
      <Filter>level3D</Filter>
    </ClInclude>
    <ClInclude Include="level3D\MapChip.h">
      <Filter>level3D</Filter>
    </ClInclude>
  </ItemGroup>
</Project>