<?xml version="1.0" encoding="utf-8"?>
<Project ToolsVersion="16.0" xmlns="http://schemas.microsoft.com/developer/msbuild/2003">
  <ItemGroup>
    <CustomBuild Include="C:\Users\Takay\Downloads\EffekseerRuntime160\build_msvc2019\CMakeFiles\9b4aeab010c3c8844f023a0a744899d7\INSTALL_force.rule">
      <Filter>CMake Rules</Filter>
    </CustomBuild>
  </ItemGroup>
  <ItemGroup>
    <Filter Include="CMake Rules">
      <UniqueIdentifier>{21C442AE-120C-3F1E-A87E-579CCE6BEED2}</UniqueIdentifier>
    </Filter>
  </ItemGroup>
</Project>
