<?xml version="1.0" encoding="UTF-8"?>
<Project ToolsVersion="14.0" xmlns="http://schemas.microsoft.com/developer/msbuild/2003">
  <ItemGroup>
    <ClCompile Include="C:\Users\KIYOHARA\Documents\bullet3-2.83.7\src\Bullet3Serialize\Bullet2FileLoader\b3BulletFile.cpp">
      <Filter>Source Files</Filter>
    </ClCompile>
    <ClCompile Include="C:\Users\KIYOHARA\Documents\bullet3-2.83.7\src\Bullet3Serialize\Bullet2FileLoader\b3Chunk.cpp">
      <Filter>Source Files</Filter>
    </ClCompile>
    <ClCompile Include="C:\Users\KIYOHARA\Documents\bullet3-2.83.7\src\Bullet3Serialize\Bullet2FileLoader\b3DNA.cpp">
      <Filter>Source Files</Filter>
    </ClCompile>
    <ClCompile Include="C:\Users\KIYOHARA\Documents\bullet3-2.83.7\src\Bullet3Serialize\Bullet2FileLoader\b3File.cpp">
      <Filter>Source Files</Filter>
    </ClCompile>
    <ClCompile Include="C:\Users\KIYOHARA\Documents\bullet3-2.83.7\src\Bullet3Serialize\Bullet2FileLoader\b3Serializer.cpp">
      <Filter>Source Files</Filter>
    </ClCompile>
  </ItemGroup>
  <ItemGroup>
    <ClInclude Include="C:\Users\KIYOHARA\Documents\bullet3-2.83.7\src\Bullet3Serialize\Bullet2FileLoader\b3BulletFile.h">
      <Filter>Header Files</Filter>
    </ClInclude>
    <ClInclude Include="C:\Users\KIYOHARA\Documents\bullet3-2.83.7\src\Bullet3Serialize\Bullet2FileLoader\b3Chunk.h">
      <Filter>Header Files</Filter>
    </ClInclude>
    <ClInclude Include="C:\Users\KIYOHARA\Documents\bullet3-2.83.7\src\Bullet3Serialize\Bullet2FileLoader\b3Common.h">
      <Filter>Header Files</Filter>
    </ClInclude>
    <ClInclude Include="C:\Users\KIYOHARA\Documents\bullet3-2.83.7\src\Bullet3Serialize\Bullet2FileLoader\b3Defines.h">
      <Filter>Header Files</Filter>
    </ClInclude>
    <ClInclude Include="C:\Users\KIYOHARA\Documents\bullet3-2.83.7\src\Bullet3Serialize\Bullet2FileLoader\b3DNA.h">
      <Filter>Header Files</Filter>
    </ClInclude>
    <ClInclude Include="C:\Users\KIYOHARA\Documents\bullet3-2.83.7\src\Bullet3Serialize\Bullet2FileLoader\b3File.h">
      <Filter>Header Files</Filter>
    </ClInclude>
    <ClInclude Include="C:\Users\KIYOHARA\Documents\bullet3-2.83.7\src\Bullet3Serialize\Bullet2FileLoader\b3Serializer.h">
      <Filter>Header Files</Filter>
    </ClInclude>
    <ClInclude Include="C:\Users\KIYOHARA\Documents\bullet3-2.83.7\src\Bullet3Serialize\Bullet2FileLoader\autogenerated\bullet2.h">
      <Filter>Header Files</Filter>
    </ClInclude>
  </ItemGroup>
  <ItemGroup>
    <CustomBuild Include="C:\Users\KIYOHARA\Documents\bullet3-2.83.7\src\Bullet3Serialize\Bullet2FileLoader\CMakeLists.txt" />
  </ItemGroup>
  <ItemGroup>
    <Filter Include="Source Files">
      <UniqueIdentifier>{2A04211F-1BB8-30D8-B268-37E7BAA2F2BA}</UniqueIdentifier>
    </Filter>
    <Filter Include="Header Files">
      <UniqueIdentifier>{28BC13D6-E540-3536-8983-A19E4698A0B9}</UniqueIdentifier>
    </Filter>
  </ItemGroup>
</Project>
