<?xml version="1.0" encoding="utf-8"?>
<Project ToolsVersion="16.0" xmlns="http://schemas.microsoft.com/developer/msbuild/2003">
  <ItemGroup>
    <ClCompile Include="C:\Users\Takay\Downloads\EffekseerRuntime160\Examples\Utils\glfw\src\context.c">
      <Filter>Source Files</Filter>
    </ClCompile>
    <ClCompile Include="C:\Users\Takay\Downloads\EffekseerRuntime160\Examples\Utils\glfw\src\init.c">
      <Filter>Source Files</Filter>
    </ClCompile>
    <ClCompile Include="C:\Users\Takay\Downloads\EffekseerRuntime160\Examples\Utils\glfw\src\input.c">
      <Filter>Source Files</Filter>
    </ClCompile>
    <ClCompile Include="C:\Users\Takay\Downloads\EffekseerRuntime160\Examples\Utils\glfw\src\monitor.c">
      <Filter>Source Files</Filter>
    </ClCompile>
    <ClCompile Include="C:\Users\Takay\Downloads\EffekseerRuntime160\Examples\Utils\glfw\src\vulkan.c">
      <Filter>Source Files</Filter>
    </ClCompile>
    <ClCompile Include="C:\Users\Takay\Downloads\EffekseerRuntime160\Examples\Utils\glfw\src\window.c">
      <Filter>Source Files</Filter>
    </ClCompile>
    <ClCompile Include="C:\Users\Takay\Downloads\EffekseerRuntime160\Examples\Utils\glfw\src\win32_init.c">
      <Filter>Source Files</Filter>
    </ClCompile>
    <ClCompile Include="C:\Users\Takay\Downloads\EffekseerRuntime160\Examples\Utils\glfw\src\win32_joystick.c">
      <Filter>Source Files</Filter>
    </ClCompile>
    <ClCompile Include="C:\Users\Takay\Downloads\EffekseerRuntime160\Examples\Utils\glfw\src\win32_monitor.c">
      <Filter>Source Files</Filter>
    </ClCompile>
    <ClCompile Include="C:\Users\Takay\Downloads\EffekseerRuntime160\Examples\Utils\glfw\src\win32_time.c">
      <Filter>Source Files</Filter>
    </ClCompile>
    <ClCompile Include="C:\Users\Takay\Downloads\EffekseerRuntime160\Examples\Utils\glfw\src\win32_thread.c">
      <Filter>Source Files</Filter>
    </ClCompile>
    <ClCompile Include="C:\Users\Takay\Downloads\EffekseerRuntime160\Examples\Utils\glfw\src\win32_window.c">
      <Filter>Source Files</Filter>
    </ClCompile>
    <ClCompile Include="C:\Users\Takay\Downloads\EffekseerRuntime160\Examples\Utils\glfw\src\wgl_context.c">
      <Filter>Source Files</Filter>
    </ClCompile>
    <ClCompile Include="C:\Users\Takay\Downloads\EffekseerRuntime160\Examples\Utils\glfw\src\egl_context.c">
      <Filter>Source Files</Filter>
    </ClCompile>
    <ClCompile Include="C:\Users\Takay\Downloads\EffekseerRuntime160\Examples\Utils\glfw\src\osmesa_context.c">
      <Filter>Source Files</Filter>
    </ClCompile>
  </ItemGroup>
  <ItemGroup>
    <ClInclude Include="C:\Users\Takay\Downloads\EffekseerRuntime160\Examples\Utils\glfw\src\internal.h">
      <Filter>Header Files</Filter>
    </ClInclude>
    <ClInclude Include="C:\Users\Takay\Downloads\EffekseerRuntime160\Examples\Utils\glfw\src\mappings.h">
      <Filter>Header Files</Filter>
    </ClInclude>
    <ClInclude Include="C:\Users\Takay\Downloads\EffekseerRuntime160\build_msvc2019\Examples\Utils\glfw\src\glfw_config.h">
      <Filter>Header Files</Filter>
    </ClInclude>
    <ClInclude Include="C:\Users\Takay\Downloads\EffekseerRuntime160\Examples\Utils\glfw\include\GLFW\glfw3.h">
      <Filter>Header Files</Filter>
    </ClInclude>
    <ClInclude Include="C:\Users\Takay\Downloads\EffekseerRuntime160\Examples\Utils\glfw\include\GLFW\glfw3native.h">
      <Filter>Header Files</Filter>
    </ClInclude>
    <ClInclude Include="C:\Users\Takay\Downloads\EffekseerRuntime160\Examples\Utils\glfw\src\win32_platform.h">
      <Filter>Header Files</Filter>
    </ClInclude>
    <ClInclude Include="C:\Users\Takay\Downloads\EffekseerRuntime160\Examples\Utils\glfw\src\win32_joystick.h">
      <Filter>Header Files</Filter>
    </ClInclude>
    <ClInclude Include="C:\Users\Takay\Downloads\EffekseerRuntime160\Examples\Utils\glfw\src\wgl_context.h">
      <Filter>Header Files</Filter>
    </ClInclude>
    <ClInclude Include="C:\Users\Takay\Downloads\EffekseerRuntime160\Examples\Utils\glfw\src\egl_context.h">
      <Filter>Header Files</Filter>
    </ClInclude>
    <ClInclude Include="C:\Users\Takay\Downloads\EffekseerRuntime160\Examples\Utils\glfw\src\osmesa_context.h">
      <Filter>Header Files</Filter>
    </ClInclude>
  </ItemGroup>
  <ItemGroup>
    <CustomBuild Include="C:\Users\Takay\Downloads\EffekseerRuntime160\Examples\Utils\glfw\src\CMakeLists.txt" />
  </ItemGroup>
  <ItemGroup>
    <Filter Include="Header Files">
      <UniqueIdentifier>{3F7DB25F-F2D1-3D08-AEC1-C1F3D88D1B1D}</UniqueIdentifier>
    </Filter>
    <Filter Include="Source Files">
      <UniqueIdentifier>{464A8DC6-93CE-333F-9CD4-7A68303E98ED}</UniqueIdentifier>
    </Filter>
  </ItemGroup>
</Project>
